// !$*UTF8*$!
{
	archiveVersion = 1;
	classes = {
	};
	objectVersion = 56;
	objects = {

/* Begin PBXBuildFile section */
		4F0D0A122C4BA8A600427C78 /* AdvertTableViewCell.swift in Sources */ = {isa = PBXBuildFile; fileRef = 4F0D0A102C4BA8A600427C78 /* AdvertTableViewCell.swift */; };
		4F0D0A132C4BA8A600427C78 /* AdvertTableViewCell.xib in Resources */ = {isa = PBXBuildFile; fileRef = 4F0D0A112C4BA8A600427C78 /* AdvertTableViewCell.xib */; };
		4F17DBFF2C4D0E1200C106D9 /* BaseForm.swift in Sources */ = {isa = PBXBuildFile; fileRef = 4F17DBFE2C4D0E1200C106D9 /* BaseForm.swift */; };
		4F17DC012C4D0E3B00C106D9 /* OFFormField.swift in Sources */ = {isa = PBXBuildFile; fileRef = 4F17DC002C4D0E3B00C106D9 /* OFFormField.swift */; };
		4F17DC062C4D50DF00C106D9 /* AdvertPreviewViewController.xib in Resources */ = {isa = PBXBuildFile; fileRef = 4F17DC052C4D50DF00C106D9 /* AdvertPreviewViewController.xib */; };
		4F17DC072C4D50DF00C106D9 /* AdvertPreviewViewController.swift in Sources */ = {isa = PBXBuildFile; fileRef = 4F17DC032C4D50DF00C106D9 /* AdvertPreviewViewController.swift */; };
		4F17DC082C4D50DF00C106D9 /* AdvertPreviewViewModel.swift in Sources */ = {isa = PBXBuildFile; fileRef = 4F17DC042C4D50DF00C106D9 /* AdvertPreviewViewModel.swift */; };
		4F17DC0B2C4D568700C106D9 /* CarPreview.swift in Sources */ = {isa = PBXBuildFile; fileRef = 4F17DC0A2C4D568700C106D9 /* CarPreview.swift */; };
		4F17DC0D2C4D56C800C106D9 /* CarPreview.xib in Resources */ = {isa = PBXBuildFile; fileRef = 4F17DC0C2C4D56C800C106D9 /* CarPreview.xib */; };
		4F17DC0F2C4DB64B00C106D9 /* Date.swift in Sources */ = {isa = PBXBuildFile; fileRef = 4F17DC0E2C4DB64B00C106D9 /* Date.swift */; };
		4F17DC152C4E5EF100C106D9 /* AdvertPreviewImageCollectionViewCell.xib in Resources */ = {isa = PBXBuildFile; fileRef = 4F17DC142C4E5EF100C106D9 /* AdvertPreviewImageCollectionViewCell.xib */; };
		4F17DC162C4E5EF100C106D9 /* AdvertPreviewImageCollectionViewCell.swift in Sources */ = {isa = PBXBuildFile; fileRef = 4F17DC132C4E5EF100C106D9 /* AdvertPreviewImageCollectionViewCell.swift */; };
		4F17DC182C4E602200C106D9 /* CollectionViewCell.swift in Sources */ = {isa = PBXBuildFile; fileRef = 4F17DC172C4E602200C106D9 /* CollectionViewCell.swift */; };
		4F17DC2D2C4E8D9400C106D9 /* PreviewLayer.swift in Sources */ = {isa = PBXBuildFile; fileRef = 4F17DC2C2C4E8D9400C106D9 /* PreviewLayer.swift */; };
		4F17DC312C4E910D00C106D9 /* EstateProduct.swift in Sources */ = {isa = PBXBuildFile; fileRef = 4F17DC302C4E910D00C106D9 /* EstateProduct.swift */; };
		4F17DC332C50313A00C106D9 /* Appertment.swift in Sources */ = {isa = PBXBuildFile; fileRef = 4F17DC322C50313A00C106D9 /* Appertment.swift */; };
		4F17DC352C50552200C106D9 /* SiteHouseProduct.swift in Sources */ = {isa = PBXBuildFile; fileRef = 4F17DC342C50552200C106D9 /* SiteHouseProduct.swift */; };
		4F17DC372C50554200C106D9 /* Residence.swift in Sources */ = {isa = PBXBuildFile; fileRef = 4F17DC362C50554200C106D9 /* Residence.swift */; };
		4F17DC392C50558700C106D9 /* Detached.swift in Sources */ = {isa = PBXBuildFile; fileRef = 4F17DC382C50558700C106D9 /* Detached.swift */; };
		4F17DC3C2C5055FE00C106D9 /* LandProduct.swift in Sources */ = {isa = PBXBuildFile; fileRef = 4F17DC3B2C5055FE00C106D9 /* LandProduct.swift */; };
		4F17DC3E2C511FEE00C106D9 /* Finalizer.swift in Sources */ = {isa = PBXBuildFile; fileRef = 4F17DC3D2C511FEE00C106D9 /* Finalizer.swift */; };
		4F17DC432C51254B00C106D9 /* AdvertHouseViewController.xib in Resources */ = {isa = PBXBuildFile; fileRef = 4F17DC422C51254B00C106D9 /* AdvertHouseViewController.xib */; };
		4F17DC442C51254B00C106D9 /* AdvertHouseViewController.swift in Sources */ = {isa = PBXBuildFile; fileRef = 4F17DC402C51254B00C106D9 /* AdvertHouseViewController.swift */; };
		4F17DC452C51254B00C106D9 /* AdvertHouseViewModel.swift in Sources */ = {isa = PBXBuildFile; fileRef = 4F17DC412C51254B00C106D9 /* AdvertHouseViewModel.swift */; };
		4F3790C82C4A7A940000987C /* AppDelegate.swift in Sources */ = {isa = PBXBuildFile; fileRef = 4F3790C72C4A7A940000987C /* AppDelegate.swift */; };
		4F3790CA2C4A7A940000987C /* SceneDelegate.swift in Sources */ = {isa = PBXBuildFile; fileRef = 4F3790C92C4A7A940000987C /* SceneDelegate.swift */; };
		4F3790D22C4A7A940000987C /* Swap.xcdatamodeld in Sources */ = {isa = PBXBuildFile; fileRef = 4F3790D02C4A7A940000987C /* Swap.xcdatamodeld */; };
		4F3790D42C4A7A960000987C /* Assets.xcassets in Resources */ = {isa = PBXBuildFile; fileRef = 4F3790D32C4A7A960000987C /* Assets.xcassets */; };
		4F3790D72C4A7A960000987C /* Base in Resources */ = {isa = PBXBuildFile; fileRef = 4F3790D62C4A7A960000987C /* Base */; };
		4F3790E12C4A7B270000987C /* BaseViewController.swift in Sources */ = {isa = PBXBuildFile; fileRef = 4F3790E02C4A7B270000987C /* BaseViewController.swift */; };
		4F3790E32C4A7C320000987C /* BaseViewModel.swift in Sources */ = {isa = PBXBuildFile; fileRef = 4F3790E22C4A7C320000987C /* BaseViewModel.swift */; };
		4F3790E62C4A7CD60000987C /* NVActivityIndicatorView in Frameworks */ = {isa = PBXBuildFile; productRef = 4F3790E52C4A7CD60000987C /* NVActivityIndicatorView */; };
		4F3790EA2C4A7D0D0000987C /* LoadingWithSuccessView.swift in Sources */ = {isa = PBXBuildFile; fileRef = 4F3790E92C4A7D0D0000987C /* LoadingWithSuccessView.swift */; };
		4F3790EE2C4A7DC90000987C /* AlertPresentable.swift in Sources */ = {isa = PBXBuildFile; fileRef = 4F3790ED2C4A7DC90000987C /* AlertPresentable.swift */; };
		4F3790F02C4A7FBA0000987C /* XibNameProvider.swift in Sources */ = {isa = PBXBuildFile; fileRef = 4F3790EF2C4A7FBA0000987C /* XibNameProvider.swift */; };
		4F3790F32C4A80F10000987C /* ViewController.swift in Sources */ = {isa = PBXBuildFile; fileRef = 4F3790F22C4A80F10000987C /* ViewController.swift */; };
		4F3790F52C4A82EC0000987C /* Organizer.swift in Sources */ = {isa = PBXBuildFile; fileRef = 4F3790F42C4A82EC0000987C /* Organizer.swift */; };
		4F3790F72C4A91690000987C /* Car.swift in Sources */ = {isa = PBXBuildFile; fileRef = 4F3790F62C4A91690000987C /* Car.swift */; };
		4F3790F92C4A95D40000987C /* Product.swift in Sources */ = {isa = PBXBuildFile; fileRef = 4F3790F82C4A95D40000987C /* Product.swift */; };
		4F3790FB2C4A98840000987C /* Vehicle.swift in Sources */ = {isa = PBXBuildFile; fileRef = 4F3790FA2C4A98840000987C /* Vehicle.swift */; };
		4F3791002C4AA2420000987C /* HomeViewController.xib in Resources */ = {isa = PBXBuildFile; fileRef = 4F3790FF2C4AA2420000987C /* HomeViewController.xib */; };
		4F3791012C4AA2420000987C /* HomeViewController.swift in Sources */ = {isa = PBXBuildFile; fileRef = 4F3790FD2C4AA2420000987C /* HomeViewController.swift */; };
		4F3791022C4AA2420000987C /* HomeViewModel.swift in Sources */ = {isa = PBXBuildFile; fileRef = 4F3790FE2C4AA2420000987C /* HomeViewModel.swift */; };
		4F4ED7182C4BD7F500AE779B /* ProductCategory.swift in Sources */ = {isa = PBXBuildFile; fileRef = 4F4ED7172C4BD7F500AE779B /* ProductCategory.swift */; };
		4F4ED71A2C4BD88700AE779B /* Describer.swift in Sources */ = {isa = PBXBuildFile; fileRef = 4F4ED7192C4BD88700AE779B /* Describer.swift */; };
		4F4ED71C2C4BE04500AE779B /* CategoryImplementer.swift in Sources */ = {isa = PBXBuildFile; fileRef = 4F4ED71B2C4BE04500AE779B /* CategoryImplementer.swift */; };
		4F4ED71E2C4BEEA900AE779B /* TableViewCell.swift in Sources */ = {isa = PBXBuildFile; fileRef = 4F4ED71D2C4BEEA900AE779B /* TableViewCell.swift */; };
		4F4ED7202C4BF1C500AE779B /* NSObject.swift in Sources */ = {isa = PBXBuildFile; fileRef = 4F4ED71F2C4BF1C500AE779B /* NSObject.swift */; };
		4F4ED7252C4C02C400AE779B /* AdvertAutoFirstStepViewController.swift in Sources */ = {isa = PBXBuildFile; fileRef = 4F4ED7222C4C02C400AE779B /* AdvertAutoFirstStepViewController.swift */; };
		4F4ED7262C4C02C400AE779B /* AdvertAutoFirstStepViewModel.swift in Sources */ = {isa = PBXBuildFile; fileRef = 4F4ED7232C4C02C400AE779B /* AdvertAutoFirstStepViewModel.swift */; };
		4F4ED7272C4C02C400AE779B /* AdvertAutoFirstStepViewController.xib in Resources */ = {isa = PBXBuildFile; fileRef = 4F4ED7242C4C02C400AE779B /* AdvertAutoFirstStepViewController.xib */; };
		4F4ED72A2C4C042C00AE779B /* ONFormField.swift in Sources */ = {isa = PBXBuildFile; fileRef = 4F4ED7292C4C042C00AE779B /* ONFormField.swift */; };
		4F4ED72C2C4C045D00AE779B /* View.swift in Sources */ = {isa = PBXBuildFile; fileRef = 4F4ED72B2C4C045D00AE779B /* View.swift */; };
		4F4ED7312C4C086800AE779B /* AdressViewController.swift in Sources */ = {isa = PBXBuildFile; fileRef = 4F4ED72E2C4C086800AE779B /* AdressViewController.swift */; };
		4F4ED7322C4C086800AE779B /* AdressViewModel.swift in Sources */ = {isa = PBXBuildFile; fileRef = 4F4ED72F2C4C086800AE779B /* AdressViewModel.swift */; };
		4F4ED7332C4C086800AE779B /* AdressViewController.xib in Resources */ = {isa = PBXBuildFile; fileRef = 4F4ED7302C4C086800AE779B /* AdressViewController.xib */; };
		4F4ED7382C4C136C00AE779B /* SelectFormViewController.swift in Sources */ = {isa = PBXBuildFile; fileRef = 4F4ED7352C4C136C00AE779B /* SelectFormViewController.swift */; };
		4F4ED7392C4C136C00AE779B /* SelectFormViewModel.swift in Sources */ = {isa = PBXBuildFile; fileRef = 4F4ED7362C4C136C00AE779B /* SelectFormViewModel.swift */; };
		4F4ED73A2C4C136C00AE779B /* SelectFormViewController.xib in Resources */ = {isa = PBXBuildFile; fileRef = 4F4ED7372C4C136C00AE779B /* SelectFormViewController.xib */; };
		4F4ED73D2C4C146900AE779B /* AdressResource.swift in Sources */ = {isa = PBXBuildFile; fileRef = 4F4ED73C2C4C146900AE779B /* AdressResource.swift */; };
		4F4ED73F2C4C173B00AE779B /* SafeText.swift in Sources */ = {isa = PBXBuildFile; fileRef = 4F4ED73E2C4C173B00AE779B /* SafeText.swift */; };
		4F4ED7442C4C1AD300AE779B /* RequestGalleryViewController.swift in Sources */ = {isa = PBXBuildFile; fileRef = 4F4ED7412C4C1AD300AE779B /* RequestGalleryViewController.swift */; };
		4F4ED7452C4C1AD300AE779B /* RequestGalleryViewModel.swift in Sources */ = {isa = PBXBuildFile; fileRef = 4F4ED7422C4C1AD300AE779B /* RequestGalleryViewModel.swift */; };
		4F4ED7462C4C1AD300AE779B /* RequestGalleryViewController.xib in Resources */ = {isa = PBXBuildFile; fileRef = 4F4ED7432C4C1AD300AE779B /* RequestGalleryViewController.xib */; };
		4F4ED7482C4C3D9C00AE779B /* FormHelper.swift in Sources */ = {isa = PBXBuildFile; fileRef = 4F4ED7472C4C3D9C00AE779B /* FormHelper.swift */; };
		4F4ED74A2C4C630400AE779B /* Responder.swift in Sources */ = {isa = PBXBuildFile; fileRef = 4F4ED7492C4C630400AE779B /* Responder.swift */; };
		4F583B5A2C528A8E00E58893 /* AdvertAppertmentViewController.swift in Sources */ = {isa = PBXBuildFile; fileRef = 4F583B572C528A8E00E58893 /* AdvertAppertmentViewController.swift */; };
		4F583B5B2C528A8E00E58893 /* AdvertAppertmentViewModel.swift in Sources */ = {isa = PBXBuildFile; fileRef = 4F583B582C528A8E00E58893 /* AdvertAppertmentViewModel.swift */; };
		4F583B5C2C528A8E00E58893 /* AdvertAppertmentViewController.xib in Resources */ = {isa = PBXBuildFile; fileRef = 4F583B592C528A8E00E58893 /* AdvertAppertmentViewController.xib */; };
		4F583B602C528BF200E58893 /* AdvertResidenceViewController.swift in Sources */ = {isa = PBXBuildFile; fileRef = 4F583B5D2C528BF200E58893 /* AdvertResidenceViewController.swift */; };
		4F583B612C528BF200E58893 /* AdvertResidenceViewModel.swift in Sources */ = {isa = PBXBuildFile; fileRef = 4F583B5E2C528BF200E58893 /* AdvertResidenceViewModel.swift */; };
		4F583B622C528BF200E58893 /* AdvertResidenceViewController.xib in Resources */ = {isa = PBXBuildFile; fileRef = 4F583B5F2C528BF200E58893 /* AdvertResidenceViewController.xib */; };
		4F583B662C528C4B00E58893 /* AdvertDetachedViewController.swift in Sources */ = {isa = PBXBuildFile; fileRef = 4F583B632C528C4B00E58893 /* AdvertDetachedViewController.swift */; };
		4F583B672C528C4B00E58893 /* AdvertDetachedViewModel.swift in Sources */ = {isa = PBXBuildFile; fileRef = 4F583B642C528C4B00E58893 /* AdvertDetachedViewModel.swift */; };
		4F583B682C528C4B00E58893 /* AdvertDetachedViewController.xib in Resources */ = {isa = PBXBuildFile; fileRef = 4F583B652C528C4B00E58893 /* AdvertDetachedViewController.xib */; };
		4F583B6A2C52EC7F00E58893 /* FormFieldRequirementsUnwrapper.swift in Sources */ = {isa = PBXBuildFile; fileRef = 4F583B692C52EC7F00E58893 /* FormFieldRequirementsUnwrapper.swift */; };
		4F583B6C2C52F39200E58893 /* Advert.swift in Sources */ = {isa = PBXBuildFile; fileRef = 4F583B6B2C52F39200E58893 /* Advert.swift */; };
		4F583B6E2C52F52E00E58893 /* AdressPreviewer.swift in Sources */ = {isa = PBXBuildFile; fileRef = 4F583B6D2C52F52E00E58893 /* AdressPreviewer.swift */; };
		4F583B712C52FD0D00E58893 /* House.swift in Sources */ = {isa = PBXBuildFile; fileRef = 4F583B702C52FD0D00E58893 /* House.swift */; };
		4F583B732C52FD1600E58893 /* BaseProducts.swift in Sources */ = {isa = PBXBuildFile; fileRef = 4F583B722C52FD1600E58893 /* BaseProducts.swift */; };
		4F583B752C52FD9C00E58893 /* GalleryPreviewer.swift in Sources */ = {isa = PBXBuildFile; fileRef = 4F583B742C52FD9C00E58893 /* GalleryPreviewer.swift */; };
		4F583B792C53940C00E58893 /* HousePreview.xib in Resources */ = {isa = PBXBuildFile; fileRef = 4F583B782C53940C00E58893 /* HousePreview.xib */; };
		4F583B7B2C53942A00E58893 /* HousePreview.swift in Sources */ = {isa = PBXBuildFile; fileRef = 4F583B7A2C53942A00E58893 /* HousePreview.swift */; };
		4F583B7D2C53975600E58893 /* Bool.swift in Sources */ = {isa = PBXBuildFile; fileRef = 4F583B7C2C53975600E58893 /* Bool.swift */; };
		4F583B802C539C4F00E58893 /* SiteHousePreview.swift in Sources */ = {isa = PBXBuildFile; fileRef = 4F583B7F2C539C4F00E58893 /* SiteHousePreview.swift */; };
		4F583B822C539D3300E58893 /* SiteHousePreview.xib in Resources */ = {isa = PBXBuildFile; fileRef = 4F583B812C539D3300E58893 /* SiteHousePreview.xib */; };
		4F583B892C53BB5200E58893 /* AdvertLandViewController.swift in Sources */ = {isa = PBXBuildFile; fileRef = 4F583B862C53BB5200E58893 /* AdvertLandViewController.swift */; };
		4F583B8A2C53BB5200E58893 /* AdvertLandViewModel.swift in Sources */ = {isa = PBXBuildFile; fileRef = 4F583B872C53BB5200E58893 /* AdvertLandViewModel.swift */; };
		4F583B8B2C53BB5200E58893 /* AdvertLandViewController.xib in Resources */ = {isa = PBXBuildFile; fileRef = 4F583B882C53BB5200E58893 /* AdvertLandViewController.xib */; };
		4F583B8E2C53C59E00E58893 /* LandPreview.swift in Sources */ = {isa = PBXBuildFile; fileRef = 4F583B8D2C53C59E00E58893 /* LandPreview.swift */; };
		4F583B902C53C6DC00E58893 /* LandPreview.xib in Resources */ = {isa = PBXBuildFile; fileRef = 4F583B8F2C53C6DC00E58893 /* LandPreview.xib */; };
		4F8BD6AE2C4B15C4002B3D4C /* AdvertViewController.xib in Resources */ = {isa = PBXBuildFile; fileRef = 4F8BD6AD2C4B15C4002B3D4C /* AdvertViewController.xib */; };
		4F8BD6AF2C4B15C4002B3D4C /* AdvertViewController.swift in Sources */ = {isa = PBXBuildFile; fileRef = 4F8BD6AB2C4B15C4002B3D4C /* AdvertViewController.swift */; };
		4F8BD6B02C4B15C4002B3D4C /* AdvertViewModel.swift in Sources */ = {isa = PBXBuildFile; fileRef = 4F8BD6AC2C4B15C4002B3D4C /* AdvertViewModel.swift */; };
		4F8BD6C72C4B188C002B3D4C /* BaseView.swift in Sources */ = {isa = PBXBuildFile; fileRef = 4F8BD6C62C4B188C002B3D4C /* BaseView.swift */; };
		4F8BD6C92C4B18BD002B3D4C /* BaseButton.swift in Sources */ = {isa = PBXBuildFile; fileRef = 4F8BD6C82C4B18BD002B3D4C /* BaseButton.swift */; };
		4F8BD6CB2C4B1915002B3D4C /* String.swift in Sources */ = {isa = PBXBuildFile; fileRef = 4F8BD6CA2C4B1915002B3D4C /* String.swift */; };
		4F8BD6CE2C4B197C002B3D4C /* DefaultHeaderView.swift in Sources */ = {isa = PBXBuildFile; fileRef = 4F8BD6CD2C4B197C002B3D4C /* DefaultHeaderView.swift */; };
		4F8BD6D02C4B1ACF002B3D4C /* Color.swift in Sources */ = {isa = PBXBuildFile; fileRef = 4F8BD6CF2C4B1ACF002B3D4C /* Color.swift */; };
		4FE0852F2C7D246400C06D2B /* UncategorizedPreview.swift in Sources */ = {isa = PBXBuildFile; fileRef = 4FE0852E2C7D246400C06D2B /* UncategorizedPreview.swift */; };
		4FE085312C7D25CE00C06D2B /* Uncategorized.swift in Sources */ = {isa = PBXBuildFile; fileRef = 4FE085302C7D25CE00C06D2B /* Uncategorized.swift */; };
		4FE085332C7DC1C700C06D2B /* AccessoriesEnvironment.swift in Sources */ = {isa = PBXBuildFile; fileRef = 4FE085322C7DC1C700C06D2B /* AccessoriesEnvironment.swift */; };
		4FE085352C7DCEEC00C06D2B /* TabletEnvironment.swift in Sources */ = {isa = PBXBuildFile; fileRef = 4FE085342C7DCEEC00C06D2B /* TabletEnvironment.swift */; };
		4FE43DF32C591A9C00917919 /* Montserrat-ExtraLight.ttf in Resources */ = {isa = PBXBuildFile; fileRef = 4FE43DEA2C591A9C00917919 /* Montserrat-ExtraLight.ttf */; };
		4FE43DF42C591A9C00917919 /* Montserrat-ExtraBold.ttf in Resources */ = {isa = PBXBuildFile; fileRef = 4FE43DEB2C591A9C00917919 /* Montserrat-ExtraBold.ttf */; };
		4FE43DF52C591A9C00917919 /* Montserrat-Regular.ttf in Resources */ = {isa = PBXBuildFile; fileRef = 4FE43DEC2C591A9C00917919 /* Montserrat-Regular.ttf */; };
		4FE43DF62C591A9C00917919 /* Montserrat-SemiBold.ttf in Resources */ = {isa = PBXBuildFile; fileRef = 4FE43DED2C591A9C00917919 /* Montserrat-SemiBold.ttf */; };
		4FE43DF72C591A9C00917919 /* Montserrat-Light.ttf in Resources */ = {isa = PBXBuildFile; fileRef = 4FE43DEE2C591A9C00917919 /* Montserrat-Light.ttf */; };
		4FE43DF82C591A9C00917919 /* Montserrat-Black.ttf in Resources */ = {isa = PBXBuildFile; fileRef = 4FE43DEF2C591A9C00917919 /* Montserrat-Black.ttf */; };
		4FE43DF92C591A9C00917919 /* Montserrat-Thin.ttf in Resources */ = {isa = PBXBuildFile; fileRef = 4FE43DF02C591A9C00917919 /* Montserrat-Thin.ttf */; };
		4FE43DFA2C591A9C00917919 /* Montserrat-Bold.ttf in Resources */ = {isa = PBXBuildFile; fileRef = 4FE43DF12C591A9C00917919 /* Montserrat-Bold.ttf */; };
		4FE43DFB2C591A9C00917919 /* Montserrat-Medium.ttf in Resources */ = {isa = PBXBuildFile; fileRef = 4FE43DF22C591A9C00917919 /* Montserrat-Medium.ttf */; };
		4FE43DFE2C5A2B2700917919 /* ElectronicProduct.swift in Sources */ = {isa = PBXBuildFile; fileRef = 4FE43DFD2C5A2B2700917919 /* ElectronicProduct.swift */; };
		4FE43E032C5A4A2600917919 /* ComputerProduct.swift in Sources */ = {isa = PBXBuildFile; fileRef = 4FE43E022C5A4A2600917919 /* ComputerProduct.swift */; };
		4FE43E052C5A4AD300917919 /* ComputerEnvironment.swift in Sources */ = {isa = PBXBuildFile; fileRef = 4FE43E042C5A4AD300917919 /* ComputerEnvironment.swift */; };
		4FE43E072C5A4AF500917919 /* DesktopEnvironment.swift in Sources */ = {isa = PBXBuildFile; fileRef = 4FE43E062C5A4AF500917919 /* DesktopEnvironment.swift */; };
		4FE43E092C5A4B5F00917919 /* NotebookEnvironment.swift in Sources */ = {isa = PBXBuildFile; fileRef = 4FE43E082C5A4B5F00917919 /* NotebookEnvironment.swift */; };
		4FE43E0B2C5A5F0A00917919 /* NotebookProduct.swift in Sources */ = {isa = PBXBuildFile; fileRef = 4FE43E0A2C5A5F0A00917919 /* NotebookProduct.swift */; };
		4FE43E112C5A67BB00917919 /* PCDesktopPreview.xib in Resources */ = {isa = PBXBuildFile; fileRef = 4FE43E102C5A67BB00917919 /* PCDesktopPreview.xib */; };
		4FE43E192C5A680D00917919 /* AdvertNotebookViewController.swift in Sources */ = {isa = PBXBuildFile; fileRef = 4FE43E162C5A680D00917919 /* AdvertNotebookViewController.swift */; };
		4FE43E1A2C5A680D00917919 /* AdvertNotebookViewModel.swift in Sources */ = {isa = PBXBuildFile; fileRef = 4FE43E172C5A680D00917919 /* AdvertNotebookViewModel.swift */; };
		4FE43E1B2C5A680D00917919 /* AdvertNotebookViewController.xib in Resources */ = {isa = PBXBuildFile; fileRef = 4FE43E182C5A680D00917919 /* AdvertNotebookViewController.xib */; };
		4FE43E1F2C5A681C00917919 /* AdvertDesktopViewController.swift in Sources */ = {isa = PBXBuildFile; fileRef = 4FE43E1C2C5A681C00917919 /* AdvertDesktopViewController.swift */; };
		4FE43E202C5A681C00917919 /* AdvertDesktopViewModel.swift in Sources */ = {isa = PBXBuildFile; fileRef = 4FE43E1D2C5A681C00917919 /* AdvertDesktopViewModel.swift */; };
		4FE43E212C5A681C00917919 /* AdvertDesktopViewController.xib in Resources */ = {isa = PBXBuildFile; fileRef = 4FE43E1E2C5A681C00917919 /* AdvertDesktopViewController.xib */; };
		4FE43E232C5AEEA000917919 /* AllAdverterRequirements.swift in Sources */ = {isa = PBXBuildFile; fileRef = 4FE43E222C5AEE9F00917919 /* AllAdverterRequirements.swift */; };
		4FE43E272C5BC38000917919 /* PCDesktopPreview.swift in Sources */ = {isa = PBXBuildFile; fileRef = 4FE43E262C5BC38000917919 /* PCDesktopPreview.swift */; };
		4FE43E2A2C5BC5D100917919 /* NotebookPreview.xib in Resources */ = {isa = PBXBuildFile; fileRef = 4FE43E292C5BC5D100917919 /* NotebookPreview.xib */; };
		4FE43E2C2C5BC6B600917919 /* NotebookPreview.swift in Sources */ = {isa = PBXBuildFile; fileRef = 4FE43E2B2C5BC6B600917919 /* NotebookPreview.swift */; };
		4FE43E2F2C5BCC8F00917919 /* UncategorizedPreview.xib in Resources */ = {isa = PBXBuildFile; fileRef = 4FE43E2E2C5BCC8F00917919 /* UncategorizedPreview.xib */; };
		4FE43E342C5BCD0600917919 /* UncategorizedViewController.swift in Sources */ = {isa = PBXBuildFile; fileRef = 4FE43E312C5BCD0600917919 /* UncategorizedViewController.swift */; };
		4FE43E352C5BCD0600917919 /* UncategorizedViewModel.swift in Sources */ = {isa = PBXBuildFile; fileRef = 4FE43E322C5BCD0600917919 /* UncategorizedViewModel.swift */; };
		4FE43E362C5BCD0600917919 /* UncategorizedViewController.xib in Resources */ = {isa = PBXBuildFile; fileRef = 4FE43E332C5BCD0600917919 /* UncategorizedViewController.xib */; };
/* End PBXBuildFile section */

/* Begin PBXFileReference section */
		4F0D0A102C4BA8A600427C78 /* AdvertTableViewCell.swift */ = {isa = PBXFileReference; lastKnownFileType = sourcecode.swift; path = AdvertTableViewCell.swift; sourceTree = "<group>"; };
		4F0D0A112C4BA8A600427C78 /* AdvertTableViewCell.xib */ = {isa = PBXFileReference; lastKnownFileType = file.xib; path = AdvertTableViewCell.xib; sourceTree = "<group>"; };
		4F17DBFE2C4D0E1200C106D9 /* BaseForm.swift */ = {isa = PBXFileReference; lastKnownFileType = sourcecode.swift; path = BaseForm.swift; sourceTree = "<group>"; };
		4F17DC002C4D0E3B00C106D9 /* OFFormField.swift */ = {isa = PBXFileReference; lastKnownFileType = sourcecode.swift; path = OFFormField.swift; sourceTree = "<group>"; };
		4F17DC032C4D50DF00C106D9 /* AdvertPreviewViewController.swift */ = {isa = PBXFileReference; lastKnownFileType = sourcecode.swift; path = AdvertPreviewViewController.swift; sourceTree = "<group>"; };
		4F17DC042C4D50DF00C106D9 /* AdvertPreviewViewModel.swift */ = {isa = PBXFileReference; lastKnownFileType = sourcecode.swift; path = AdvertPreviewViewModel.swift; sourceTree = "<group>"; };
		4F17DC052C4D50DF00C106D9 /* AdvertPreviewViewController.xib */ = {isa = PBXFileReference; lastKnownFileType = file.xib; path = AdvertPreviewViewController.xib; sourceTree = "<group>"; };
		4F17DC0A2C4D568700C106D9 /* CarPreview.swift */ = {isa = PBXFileReference; lastKnownFileType = sourcecode.swift; path = CarPreview.swift; sourceTree = "<group>"; };
		4F17DC0C2C4D56C800C106D9 /* CarPreview.xib */ = {isa = PBXFileReference; lastKnownFileType = file.xib; path = CarPreview.xib; sourceTree = "<group>"; };
		4F17DC0E2C4DB64B00C106D9 /* Date.swift */ = {isa = PBXFileReference; lastKnownFileType = sourcecode.swift; path = Date.swift; sourceTree = "<group>"; };
		4F17DC132C4E5EF100C106D9 /* AdvertPreviewImageCollectionViewCell.swift */ = {isa = PBXFileReference; lastKnownFileType = sourcecode.swift; path = AdvertPreviewImageCollectionViewCell.swift; sourceTree = "<group>"; };
		4F17DC142C4E5EF100C106D9 /* AdvertPreviewImageCollectionViewCell.xib */ = {isa = PBXFileReference; lastKnownFileType = file.xib; path = AdvertPreviewImageCollectionViewCell.xib; sourceTree = "<group>"; };
		4F17DC172C4E602200C106D9 /* CollectionViewCell.swift */ = {isa = PBXFileReference; lastKnownFileType = sourcecode.swift; path = CollectionViewCell.swift; sourceTree = "<group>"; };
		4F17DC2C2C4E8D9400C106D9 /* PreviewLayer.swift */ = {isa = PBXFileReference; lastKnownFileType = sourcecode.swift; path = PreviewLayer.swift; sourceTree = "<group>"; };
		4F17DC302C4E910D00C106D9 /* EstateProduct.swift */ = {isa = PBXFileReference; lastKnownFileType = sourcecode.swift; path = EstateProduct.swift; sourceTree = "<group>"; };
		4F17DC322C50313A00C106D9 /* Appertment.swift */ = {isa = PBXFileReference; lastKnownFileType = sourcecode.swift; path = Appertment.swift; sourceTree = "<group>"; };
		4F17DC342C50552200C106D9 /* SiteHouseProduct.swift */ = {isa = PBXFileReference; lastKnownFileType = sourcecode.swift; path = SiteHouseProduct.swift; sourceTree = "<group>"; };
		4F17DC362C50554200C106D9 /* Residence.swift */ = {isa = PBXFileReference; lastKnownFileType = sourcecode.swift; path = Residence.swift; sourceTree = "<group>"; };
		4F17DC382C50558700C106D9 /* Detached.swift */ = {isa = PBXFileReference; lastKnownFileType = sourcecode.swift; path = Detached.swift; sourceTree = "<group>"; };
		4F17DC3B2C5055FE00C106D9 /* LandProduct.swift */ = {isa = PBXFileReference; lastKnownFileType = sourcecode.swift; path = LandProduct.swift; sourceTree = "<group>"; };
		4F17DC3D2C511FEE00C106D9 /* Finalizer.swift */ = {isa = PBXFileReference; lastKnownFileType = sourcecode.swift; path = Finalizer.swift; sourceTree = "<group>"; };
		4F17DC402C51254B00C106D9 /* AdvertHouseViewController.swift */ = {isa = PBXFileReference; lastKnownFileType = sourcecode.swift; path = AdvertHouseViewController.swift; sourceTree = "<group>"; };
		4F17DC412C51254B00C106D9 /* AdvertHouseViewModel.swift */ = {isa = PBXFileReference; lastKnownFileType = sourcecode.swift; path = AdvertHouseViewModel.swift; sourceTree = "<group>"; };
		4F17DC422C51254B00C106D9 /* AdvertHouseViewController.xib */ = {isa = PBXFileReference; lastKnownFileType = file.xib; path = AdvertHouseViewController.xib; sourceTree = "<group>"; };
		4F3790C42C4A7A940000987C /* Swap.app */ = {isa = PBXFileReference; explicitFileType = wrapper.application; includeInIndex = 0; path = Swap.app; sourceTree = BUILT_PRODUCTS_DIR; };
		4F3790C72C4A7A940000987C /* AppDelegate.swift */ = {isa = PBXFileReference; lastKnownFileType = sourcecode.swift; path = AppDelegate.swift; sourceTree = "<group>"; };
		4F3790C92C4A7A940000987C /* SceneDelegate.swift */ = {isa = PBXFileReference; lastKnownFileType = sourcecode.swift; path = SceneDelegate.swift; sourceTree = "<group>"; };
		4F3790D12C4A7A940000987C /* Swap.xcdatamodel */ = {isa = PBXFileReference; lastKnownFileType = wrapper.xcdatamodel; path = Swap.xcdatamodel; sourceTree = "<group>"; };
		4F3790D32C4A7A960000987C /* Assets.xcassets */ = {isa = PBXFileReference; lastKnownFileType = folder.assetcatalog; path = Assets.xcassets; sourceTree = "<group>"; };
		4F3790D62C4A7A960000987C /* Base */ = {isa = PBXFileReference; lastKnownFileType = file.storyboard; name = Base; path = Base.lproj/LaunchScreen.storyboard; sourceTree = "<group>"; };
		4F3790D82C4A7A960000987C /* Info.plist */ = {isa = PBXFileReference; lastKnownFileType = text.plist.xml; path = Info.plist; sourceTree = "<group>"; };
		4F3790E02C4A7B270000987C /* BaseViewController.swift */ = {isa = PBXFileReference; lastKnownFileType = sourcecode.swift; path = BaseViewController.swift; sourceTree = "<group>"; };
		4F3790E22C4A7C320000987C /* BaseViewModel.swift */ = {isa = PBXFileReference; lastKnownFileType = sourcecode.swift; path = BaseViewModel.swift; sourceTree = "<group>"; };
		4F3790E92C4A7D0D0000987C /* LoadingWithSuccessView.swift */ = {isa = PBXFileReference; lastKnownFileType = sourcecode.swift; path = LoadingWithSuccessView.swift; sourceTree = "<group>"; };
		4F3790ED2C4A7DC90000987C /* AlertPresentable.swift */ = {isa = PBXFileReference; lastKnownFileType = sourcecode.swift; path = AlertPresentable.swift; sourceTree = "<group>"; };
		4F3790EF2C4A7FBA0000987C /* XibNameProvider.swift */ = {isa = PBXFileReference; lastKnownFileType = sourcecode.swift; path = XibNameProvider.swift; sourceTree = "<group>"; };
		4F3790F22C4A80F10000987C /* ViewController.swift */ = {isa = PBXFileReference; lastKnownFileType = sourcecode.swift; path = ViewController.swift; sourceTree = "<group>"; };
		4F3790F42C4A82EC0000987C /* Organizer.swift */ = {isa = PBXFileReference; lastKnownFileType = sourcecode.swift; path = Organizer.swift; sourceTree = "<group>"; };
		4F3790F62C4A91690000987C /* Car.swift */ = {isa = PBXFileReference; lastKnownFileType = sourcecode.swift; path = Car.swift; sourceTree = "<group>"; };
		4F3790F82C4A95D40000987C /* Product.swift */ = {isa = PBXFileReference; lastKnownFileType = sourcecode.swift; path = Product.swift; sourceTree = "<group>"; };
		4F3790FA2C4A98840000987C /* Vehicle.swift */ = {isa = PBXFileReference; lastKnownFileType = sourcecode.swift; path = Vehicle.swift; sourceTree = "<group>"; };
		4F3790FD2C4AA2420000987C /* HomeViewController.swift */ = {isa = PBXFileReference; lastKnownFileType = sourcecode.swift; path = HomeViewController.swift; sourceTree = "<group>"; };
		4F3790FE2C4AA2420000987C /* HomeViewModel.swift */ = {isa = PBXFileReference; lastKnownFileType = sourcecode.swift; path = HomeViewModel.swift; sourceTree = "<group>"; };
		4F3790FF2C4AA2420000987C /* HomeViewController.xib */ = {isa = PBXFileReference; lastKnownFileType = file.xib; path = HomeViewController.xib; sourceTree = "<group>"; };
		4F4ED7172C4BD7F500AE779B /* ProductCategory.swift */ = {isa = PBXFileReference; lastKnownFileType = sourcecode.swift; path = ProductCategory.swift; sourceTree = "<group>"; };
		4F4ED7192C4BD88700AE779B /* Describer.swift */ = {isa = PBXFileReference; lastKnownFileType = sourcecode.swift; path = Describer.swift; sourceTree = "<group>"; };
		4F4ED71B2C4BE04500AE779B /* CategoryImplementer.swift */ = {isa = PBXFileReference; lastKnownFileType = sourcecode.swift; path = CategoryImplementer.swift; sourceTree = "<group>"; };
		4F4ED71D2C4BEEA900AE779B /* TableViewCell.swift */ = {isa = PBXFileReference; lastKnownFileType = sourcecode.swift; path = TableViewCell.swift; sourceTree = "<group>"; };
		4F4ED71F2C4BF1C500AE779B /* NSObject.swift */ = {isa = PBXFileReference; lastKnownFileType = sourcecode.swift; path = NSObject.swift; sourceTree = "<group>"; };
		4F4ED7222C4C02C400AE779B /* AdvertAutoFirstStepViewController.swift */ = {isa = PBXFileReference; lastKnownFileType = sourcecode.swift; path = AdvertAutoFirstStepViewController.swift; sourceTree = "<group>"; };
		4F4ED7232C4C02C400AE779B /* AdvertAutoFirstStepViewModel.swift */ = {isa = PBXFileReference; lastKnownFileType = sourcecode.swift; path = AdvertAutoFirstStepViewModel.swift; sourceTree = "<group>"; };
		4F4ED7242C4C02C400AE779B /* AdvertAutoFirstStepViewController.xib */ = {isa = PBXFileReference; lastKnownFileType = file.xib; path = AdvertAutoFirstStepViewController.xib; sourceTree = "<group>"; };
		4F4ED7292C4C042C00AE779B /* ONFormField.swift */ = {isa = PBXFileReference; lastKnownFileType = sourcecode.swift; path = ONFormField.swift; sourceTree = "<group>"; };
		4F4ED72B2C4C045D00AE779B /* View.swift */ = {isa = PBXFileReference; lastKnownFileType = sourcecode.swift; path = View.swift; sourceTree = "<group>"; };
		4F4ED72E2C4C086800AE779B /* AdressViewController.swift */ = {isa = PBXFileReference; lastKnownFileType = sourcecode.swift; path = AdressViewController.swift; sourceTree = "<group>"; };
		4F4ED72F2C4C086800AE779B /* AdressViewModel.swift */ = {isa = PBXFileReference; lastKnownFileType = sourcecode.swift; path = AdressViewModel.swift; sourceTree = "<group>"; };
		4F4ED7302C4C086800AE779B /* AdressViewController.xib */ = {isa = PBXFileReference; lastKnownFileType = file.xib; path = AdressViewController.xib; sourceTree = "<group>"; };
		4F4ED7352C4C136C00AE779B /* SelectFormViewController.swift */ = {isa = PBXFileReference; lastKnownFileType = sourcecode.swift; path = SelectFormViewController.swift; sourceTree = "<group>"; };
		4F4ED7362C4C136C00AE779B /* SelectFormViewModel.swift */ = {isa = PBXFileReference; lastKnownFileType = sourcecode.swift; path = SelectFormViewModel.swift; sourceTree = "<group>"; };
		4F4ED7372C4C136C00AE779B /* SelectFormViewController.xib */ = {isa = PBXFileReference; lastKnownFileType = file.xib; path = SelectFormViewController.xib; sourceTree = "<group>"; };
		4F4ED73C2C4C146900AE779B /* AdressResource.swift */ = {isa = PBXFileReference; lastKnownFileType = sourcecode.swift; path = AdressResource.swift; sourceTree = "<group>"; };
		4F4ED73E2C4C173B00AE779B /* SafeText.swift */ = {isa = PBXFileReference; lastKnownFileType = sourcecode.swift; path = SafeText.swift; sourceTree = "<group>"; };
		4F4ED7412C4C1AD300AE779B /* RequestGalleryViewController.swift */ = {isa = PBXFileReference; lastKnownFileType = sourcecode.swift; path = RequestGalleryViewController.swift; sourceTree = "<group>"; };
		4F4ED7422C4C1AD300AE779B /* RequestGalleryViewModel.swift */ = {isa = PBXFileReference; lastKnownFileType = sourcecode.swift; path = RequestGalleryViewModel.swift; sourceTree = "<group>"; };
		4F4ED7432C4C1AD300AE779B /* RequestGalleryViewController.xib */ = {isa = PBXFileReference; lastKnownFileType = file.xib; path = RequestGalleryViewController.xib; sourceTree = "<group>"; };
		4F4ED7472C4C3D9C00AE779B /* FormHelper.swift */ = {isa = PBXFileReference; lastKnownFileType = sourcecode.swift; path = FormHelper.swift; sourceTree = "<group>"; };
		4F4ED7492C4C630400AE779B /* Responder.swift */ = {isa = PBXFileReference; lastKnownFileType = sourcecode.swift; path = Responder.swift; sourceTree = "<group>"; };
		4F583B572C528A8E00E58893 /* AdvertAppertmentViewController.swift */ = {isa = PBXFileReference; lastKnownFileType = sourcecode.swift; path = AdvertAppertmentViewController.swift; sourceTree = "<group>"; };
		4F583B582C528A8E00E58893 /* AdvertAppertmentViewModel.swift */ = {isa = PBXFileReference; lastKnownFileType = sourcecode.swift; path = AdvertAppertmentViewModel.swift; sourceTree = "<group>"; };
		4F583B592C528A8E00E58893 /* AdvertAppertmentViewController.xib */ = {isa = PBXFileReference; lastKnownFileType = file.xib; path = AdvertAppertmentViewController.xib; sourceTree = "<group>"; };
		4F583B5D2C528BF200E58893 /* AdvertResidenceViewController.swift */ = {isa = PBXFileReference; lastKnownFileType = sourcecode.swift; path = AdvertResidenceViewController.swift; sourceTree = "<group>"; };
		4F583B5E2C528BF200E58893 /* AdvertResidenceViewModel.swift */ = {isa = PBXFileReference; lastKnownFileType = sourcecode.swift; path = AdvertResidenceViewModel.swift; sourceTree = "<group>"; };
		4F583B5F2C528BF200E58893 /* AdvertResidenceViewController.xib */ = {isa = PBXFileReference; lastKnownFileType = file.xib; path = AdvertResidenceViewController.xib; sourceTree = "<group>"; };
		4F583B632C528C4B00E58893 /* AdvertDetachedViewController.swift */ = {isa = PBXFileReference; lastKnownFileType = sourcecode.swift; path = AdvertDetachedViewController.swift; sourceTree = "<group>"; };
		4F583B642C528C4B00E58893 /* AdvertDetachedViewModel.swift */ = {isa = PBXFileReference; lastKnownFileType = sourcecode.swift; path = AdvertDetachedViewModel.swift; sourceTree = "<group>"; };
		4F583B652C528C4B00E58893 /* AdvertDetachedViewController.xib */ = {isa = PBXFileReference; lastKnownFileType = file.xib; path = AdvertDetachedViewController.xib; sourceTree = "<group>"; };
		4F583B692C52EC7F00E58893 /* FormFieldRequirementsUnwrapper.swift */ = {isa = PBXFileReference; lastKnownFileType = sourcecode.swift; path = FormFieldRequirementsUnwrapper.swift; sourceTree = "<group>"; };
		4F583B6B2C52F39200E58893 /* Advert.swift */ = {isa = PBXFileReference; lastKnownFileType = sourcecode.swift; path = Advert.swift; sourceTree = "<group>"; };
		4F583B6D2C52F52E00E58893 /* AdressPreviewer.swift */ = {isa = PBXFileReference; lastKnownFileType = sourcecode.swift; path = AdressPreviewer.swift; sourceTree = "<group>"; };
		4F583B702C52FD0D00E58893 /* House.swift */ = {isa = PBXFileReference; lastKnownFileType = sourcecode.swift; path = House.swift; sourceTree = "<group>"; };
		4F583B722C52FD1600E58893 /* BaseProducts.swift */ = {isa = PBXFileReference; lastKnownFileType = sourcecode.swift; path = BaseProducts.swift; sourceTree = "<group>"; };
		4F583B742C52FD9C00E58893 /* GalleryPreviewer.swift */ = {isa = PBXFileReference; lastKnownFileType = sourcecode.swift; path = GalleryPreviewer.swift; sourceTree = "<group>"; };
		4F583B782C53940C00E58893 /* HousePreview.xib */ = {isa = PBXFileReference; lastKnownFileType = file.xib; path = HousePreview.xib; sourceTree = "<group>"; };
		4F583B7A2C53942A00E58893 /* HousePreview.swift */ = {isa = PBXFileReference; lastKnownFileType = sourcecode.swift; path = HousePreview.swift; sourceTree = "<group>"; };
		4F583B7C2C53975600E58893 /* Bool.swift */ = {isa = PBXFileReference; lastKnownFileType = sourcecode.swift; path = Bool.swift; sourceTree = "<group>"; };
		4F583B7F2C539C4F00E58893 /* SiteHousePreview.swift */ = {isa = PBXFileReference; lastKnownFileType = sourcecode.swift; path = SiteHousePreview.swift; sourceTree = "<group>"; };
		4F583B812C539D3300E58893 /* SiteHousePreview.xib */ = {isa = PBXFileReference; lastKnownFileType = file.xib; path = SiteHousePreview.xib; sourceTree = "<group>"; };
		4F583B862C53BB5200E58893 /* AdvertLandViewController.swift */ = {isa = PBXFileReference; lastKnownFileType = sourcecode.swift; path = AdvertLandViewController.swift; sourceTree = "<group>"; };
		4F583B872C53BB5200E58893 /* AdvertLandViewModel.swift */ = {isa = PBXFileReference; lastKnownFileType = sourcecode.swift; path = AdvertLandViewModel.swift; sourceTree = "<group>"; };
		4F583B882C53BB5200E58893 /* AdvertLandViewController.xib */ = {isa = PBXFileReference; lastKnownFileType = file.xib; path = AdvertLandViewController.xib; sourceTree = "<group>"; };
		4F583B8D2C53C59E00E58893 /* LandPreview.swift */ = {isa = PBXFileReference; lastKnownFileType = sourcecode.swift; path = LandPreview.swift; sourceTree = "<group>"; };
		4F583B8F2C53C6DC00E58893 /* LandPreview.xib */ = {isa = PBXFileReference; lastKnownFileType = file.xib; path = LandPreview.xib; sourceTree = "<group>"; };
		4F8BD6AB2C4B15C4002B3D4C /* AdvertViewController.swift */ = {isa = PBXFileReference; lastKnownFileType = sourcecode.swift; path = AdvertViewController.swift; sourceTree = "<group>"; };
		4F8BD6AC2C4B15C4002B3D4C /* AdvertViewModel.swift */ = {isa = PBXFileReference; lastKnownFileType = sourcecode.swift; path = AdvertViewModel.swift; sourceTree = "<group>"; };
		4F8BD6AD2C4B15C4002B3D4C /* AdvertViewController.xib */ = {isa = PBXFileReference; lastKnownFileType = file.xib; path = AdvertViewController.xib; sourceTree = "<group>"; };
		4F8BD6C62C4B188C002B3D4C /* BaseView.swift */ = {isa = PBXFileReference; lastKnownFileType = sourcecode.swift; path = BaseView.swift; sourceTree = "<group>"; };
		4F8BD6C82C4B18BD002B3D4C /* BaseButton.swift */ = {isa = PBXFileReference; lastKnownFileType = sourcecode.swift; path = BaseButton.swift; sourceTree = "<group>"; };
		4F8BD6CA2C4B1915002B3D4C /* String.swift */ = {isa = PBXFileReference; lastKnownFileType = sourcecode.swift; path = String.swift; sourceTree = "<group>"; };
		4F8BD6CD2C4B197C002B3D4C /* DefaultHeaderView.swift */ = {isa = PBXFileReference; lastKnownFileType = sourcecode.swift; path = DefaultHeaderView.swift; sourceTree = "<group>"; };
		4F8BD6CF2C4B1ACF002B3D4C /* Color.swift */ = {isa = PBXFileReference; lastKnownFileType = sourcecode.swift; path = Color.swift; sourceTree = "<group>"; };
		4FE0852E2C7D246400C06D2B /* UncategorizedPreview.swift */ = {isa = PBXFileReference; lastKnownFileType = sourcecode.swift; path = UncategorizedPreview.swift; sourceTree = "<group>"; };
		4FE085302C7D25CE00C06D2B /* Uncategorized.swift */ = {isa = PBXFileReference; lastKnownFileType = sourcecode.swift; path = Uncategorized.swift; sourceTree = "<group>"; };
		4FE085322C7DC1C700C06D2B /* AccessoriesEnvironment.swift */ = {isa = PBXFileReference; lastKnownFileType = sourcecode.swift; path = AccessoriesEnvironment.swift; sourceTree = "<group>"; };
		4FE085342C7DCEEC00C06D2B /* TabletEnvironment.swift */ = {isa = PBXFileReference; lastKnownFileType = sourcecode.swift; path = TabletEnvironment.swift; sourceTree = "<group>"; };
		4FE43DEA2C591A9C00917919 /* Montserrat-ExtraLight.ttf */ = {isa = PBXFileReference; lastKnownFileType = file; path = "Montserrat-ExtraLight.ttf"; sourceTree = "<group>"; };
		4FE43DEB2C591A9C00917919 /* Montserrat-ExtraBold.ttf */ = {isa = PBXFileReference; lastKnownFileType = file; path = "Montserrat-ExtraBold.ttf"; sourceTree = "<group>"; };
		4FE43DEC2C591A9C00917919 /* Montserrat-Regular.ttf */ = {isa = PBXFileReference; lastKnownFileType = file; path = "Montserrat-Regular.ttf"; sourceTree = "<group>"; };
		4FE43DED2C591A9C00917919 /* Montserrat-SemiBold.ttf */ = {isa = PBXFileReference; lastKnownFileType = file; path = "Montserrat-SemiBold.ttf"; sourceTree = "<group>"; };
		4FE43DEE2C591A9C00917919 /* Montserrat-Light.ttf */ = {isa = PBXFileReference; lastKnownFileType = file; path = "Montserrat-Light.ttf"; sourceTree = "<group>"; };
		4FE43DEF2C591A9C00917919 /* Montserrat-Black.ttf */ = {isa = PBXFileReference; lastKnownFileType = file; path = "Montserrat-Black.ttf"; sourceTree = "<group>"; };
		4FE43DF02C591A9C00917919 /* Montserrat-Thin.ttf */ = {isa = PBXFileReference; lastKnownFileType = file; path = "Montserrat-Thin.ttf"; sourceTree = "<group>"; };
		4FE43DF12C591A9C00917919 /* Montserrat-Bold.ttf */ = {isa = PBXFileReference; lastKnownFileType = file; path = "Montserrat-Bold.ttf"; sourceTree = "<group>"; };
		4FE43DF22C591A9C00917919 /* Montserrat-Medium.ttf */ = {isa = PBXFileReference; lastKnownFileType = file; path = "Montserrat-Medium.ttf"; sourceTree = "<group>"; };
		4FE43DFD2C5A2B2700917919 /* ElectronicProduct.swift */ = {isa = PBXFileReference; lastKnownFileType = sourcecode.swift; path = ElectronicProduct.swift; sourceTree = "<group>"; };
		4FE43E022C5A4A2600917919 /* ComputerProduct.swift */ = {isa = PBXFileReference; lastKnownFileType = sourcecode.swift; path = ComputerProduct.swift; sourceTree = "<group>"; };
		4FE43E042C5A4AD300917919 /* ComputerEnvironment.swift */ = {isa = PBXFileReference; lastKnownFileType = sourcecode.swift; path = ComputerEnvironment.swift; sourceTree = "<group>"; };
		4FE43E062C5A4AF500917919 /* DesktopEnvironment.swift */ = {isa = PBXFileReference; lastKnownFileType = sourcecode.swift; path = DesktopEnvironment.swift; sourceTree = "<group>"; };
		4FE43E082C5A4B5F00917919 /* NotebookEnvironment.swift */ = {isa = PBXFileReference; lastKnownFileType = sourcecode.swift; path = NotebookEnvironment.swift; sourceTree = "<group>"; };
		4FE43E0A2C5A5F0A00917919 /* NotebookProduct.swift */ = {isa = PBXFileReference; lastKnownFileType = sourcecode.swift; path = NotebookProduct.swift; sourceTree = "<group>"; };
		4FE43E102C5A67BB00917919 /* PCDesktopPreview.xib */ = {isa = PBXFileReference; lastKnownFileType = file.xib; path = PCDesktopPreview.xib; sourceTree = "<group>"; };
		4FE43E162C5A680D00917919 /* AdvertNotebookViewController.swift */ = {isa = PBXFileReference; lastKnownFileType = sourcecode.swift; path = AdvertNotebookViewController.swift; sourceTree = "<group>"; };
		4FE43E172C5A680D00917919 /* AdvertNotebookViewModel.swift */ = {isa = PBXFileReference; lastKnownFileType = sourcecode.swift; path = AdvertNotebookViewModel.swift; sourceTree = "<group>"; };
		4FE43E182C5A680D00917919 /* AdvertNotebookViewController.xib */ = {isa = PBXFileReference; lastKnownFileType = file.xib; path = AdvertNotebookViewController.xib; sourceTree = "<group>"; };
		4FE43E1C2C5A681C00917919 /* AdvertDesktopViewController.swift */ = {isa = PBXFileReference; lastKnownFileType = sourcecode.swift; path = AdvertDesktopViewController.swift; sourceTree = "<group>"; };
		4FE43E1D2C5A681C00917919 /* AdvertDesktopViewModel.swift */ = {isa = PBXFileReference; lastKnownFileType = sourcecode.swift; path = AdvertDesktopViewModel.swift; sourceTree = "<group>"; };
		4FE43E1E2C5A681C00917919 /* AdvertDesktopViewController.xib */ = {isa = PBXFileReference; lastKnownFileType = file.xib; path = AdvertDesktopViewController.xib; sourceTree = "<group>"; };
		4FE43E222C5AEE9F00917919 /* AllAdverterRequirements.swift */ = {isa = PBXFileReference; lastKnownFileType = sourcecode.swift; path = AllAdverterRequirements.swift; sourceTree = "<group>"; };
		4FE43E262C5BC38000917919 /* PCDesktopPreview.swift */ = {isa = PBXFileReference; lastKnownFileType = sourcecode.swift; path = PCDesktopPreview.swift; sourceTree = "<group>"; };
		4FE43E292C5BC5D100917919 /* NotebookPreview.xib */ = {isa = PBXFileReference; lastKnownFileType = file.xib; path = NotebookPreview.xib; sourceTree = "<group>"; };
		4FE43E2B2C5BC6B600917919 /* NotebookPreview.swift */ = {isa = PBXFileReference; lastKnownFileType = sourcecode.swift; path = NotebookPreview.swift; sourceTree = "<group>"; };
		4FE43E2E2C5BCC8F00917919 /* UncategorizedPreview.xib */ = {isa = PBXFileReference; lastKnownFileType = file.xib; path = UncategorizedPreview.xib; sourceTree = "<group>"; };
		4FE43E312C5BCD0600917919 /* UncategorizedViewController.swift */ = {isa = PBXFileReference; lastKnownFileType = sourcecode.swift; path = UncategorizedViewController.swift; sourceTree = "<group>"; };
		4FE43E322C5BCD0600917919 /* UncategorizedViewModel.swift */ = {isa = PBXFileReference; lastKnownFileType = sourcecode.swift; path = UncategorizedViewModel.swift; sourceTree = "<group>"; };
		4FE43E332C5BCD0600917919 /* UncategorizedViewController.xib */ = {isa = PBXFileReference; lastKnownFileType = file.xib; path = UncategorizedViewController.xib; sourceTree = "<group>"; };
/* End PBXFileReference section */

/* Begin PBXFrameworksBuildPhase section */
		4F3790C12C4A7A940000987C /* Frameworks */ = {
			isa = PBXFrameworksBuildPhase;
			buildActionMask = 2147483647;
			files = (
				4F3790E62C4A7CD60000987C /* NVActivityIndicatorView in Frameworks */,
			);
			runOnlyForDeploymentPostprocessing = 0;
		};
/* End PBXFrameworksBuildPhase section */

/* Begin PBXGroup section */
		4F0D0A0F2C4BA89A00427C78 /* Cell */ = {
			isa = PBXGroup;
			children = (
				4F0D0A102C4BA8A600427C78 /* AdvertTableViewCell.swift */,
				4F0D0A112C4BA8A600427C78 /* AdvertTableViewCell.xib */,
			);
			path = Cell;
			sourceTree = "<group>";
		};
		4F17DC022C4D50CB00C106D9 /* AdvertPreview */ = {
			isa = PBXGroup;
			children = (
				4F17DC122C4E5EE100C106D9 /* Cell */,
				4F17DC032C4D50DF00C106D9 /* AdvertPreviewViewController.swift */,
				4F17DC052C4D50DF00C106D9 /* AdvertPreviewViewController.xib */,
				4F17DC042C4D50DF00C106D9 /* AdvertPreviewViewModel.swift */,
			);
			path = AdvertPreview;
			sourceTree = "<group>";
		};
		4F17DC092C4D567B00C106D9 /* Previews */ = {
			isa = PBXGroup;
			children = (
				4FE43E2D2C5BCC8500917919 /* Uncategorized */,
				4FE43E0E2C5A677700917919 /* Vehicle */,
				4FE43E0D2C5A676B00917919 /* Estate */,
				4FE43E0C2C5A675800917919 /* Electronic */,
			);
			path = Previews;
			sourceTree = "<group>";
		};
		4F17DC122C4E5EE100C106D9 /* Cell */ = {
			isa = PBXGroup;
			children = (
				4F17DC132C4E5EF100C106D9 /* AdvertPreviewImageCollectionViewCell.swift */,
				4F17DC142C4E5EF100C106D9 /* AdvertPreviewImageCollectionViewCell.xib */,
			);
			path = Cell;
			sourceTree = "<group>";
		};
		4F17DC2E2C4E908C00C106D9 /* Vehicle */ = {
			isa = PBXGroup;
			children = (
				4F3790FA2C4A98840000987C /* Vehicle.swift */,
				4F3790F62C4A91690000987C /* Car.swift */,
			);
			path = Vehicle;
			sourceTree = "<group>";
		};
		4F17DC2F2C4E90F100C106D9 /* Estate */ = {
			isa = PBXGroup;
			children = (
				4F17DC302C4E910D00C106D9 /* EstateProduct.swift */,
				4F17DC382C50558700C106D9 /* Detached.swift */,
				4F17DC342C50552200C106D9 /* SiteHouseProduct.swift */,
				4F17DC322C50313A00C106D9 /* Appertment.swift */,
				4F17DC362C50554200C106D9 /* Residence.swift */,
			);
			path = Estate;
			sourceTree = "<group>";
		};
		4F17DC3A2C5055F400C106D9 /* Land */ = {
			isa = PBXGroup;
			children = (
				4F17DC3B2C5055FE00C106D9 /* LandProduct.swift */,
			);
			path = Land;
			sourceTree = "<group>";
		};
		4F17DC3F2C51251000C106D9 /* AdvertHouse */ = {
			isa = PBXGroup;
			children = (
				4F583B562C528A6600E58893 /* Detached */,
				4F583B552C528A5D00E58893 /* Appertment */,
				4F583B542C528A3700E58893 /* Residence */,
				4F17DC402C51254B00C106D9 /* AdvertHouseViewController.swift */,
				4F17DC422C51254B00C106D9 /* AdvertHouseViewController.xib */,
				4F17DC412C51254B00C106D9 /* AdvertHouseViewModel.swift */,
			);
			path = AdvertHouse;
			sourceTree = "<group>";
		};
		4F3790BB2C4A7A940000987C = {
			isa = PBXGroup;
			children = (
				4F3790C62C4A7A940000987C /* Swap */,
				4F3790C52C4A7A940000987C /* Products */,
			);
			sourceTree = "<group>";
		};
		4F3790C52C4A7A940000987C /* Products */ = {
			isa = PBXGroup;
			children = (
				4F3790C42C4A7A940000987C /* Swap.app */,
			);
			name = Products;
			sourceTree = "<group>";
		};
		4F3790C62C4A7A940000987C /* Swap */ = {
			isa = PBXGroup;
			children = (
				4FE43DE92C591A7A00917919 /* Fonts */,
				4F3790F12C4A80E80000987C /* Extension */,
				4F3790E72C4A7CF60000987C /* CustomView */,
				4F3790DE2C4A7AE30000987C /* Scene */,
				4F3790C72C4A7A940000987C /* AppDelegate.swift */,
				4F3790C92C4A7A940000987C /* SceneDelegate.swift */,
				4F3790D32C4A7A960000987C /* Assets.xcassets */,
				4F3790D52C4A7A960000987C /* LaunchScreen.storyboard */,
				4F3790D82C4A7A960000987C /* Info.plist */,
				4F3790D02C4A7A940000987C /* Swap.xcdatamodeld */,
				4F3790F42C4A82EC0000987C /* Organizer.swift */,
				4F3790EB2C4A7DB60000987C /* Model */,
				4F4ED73B2C4C144A00AE779B /* Resources */,
			);
			path = Swap;
			sourceTree = "<group>";
		};
		4F3790DE2C4A7AE30000987C /* Scene */ = {
			isa = PBXGroup;
			children = (
				4FE43E302C5BCCF900917919 /* Uncategorized */,
				4FE43E012C5A426200917919 /* Electronic */,
				4FE43E002C5A424A00917919 /* Vehicle */,
				4FE43DFF2C5A423500917919 /* Estate */,
				4F17DC022C4D50CB00C106D9 /* AdvertPreview */,
				4F8BD6AA2C4B159B002B3D4C /* Advert */,
				4F3790FC2C4AA2360000987C /* Home */,
				4F3790DF2C4A7AE50000987C /* BaseView */,
			);
			path = Scene;
			sourceTree = "<group>";
		};
		4F3790DF2C4A7AE50000987C /* BaseView */ = {
			isa = PBXGroup;
			children = (
				4F3790E02C4A7B270000987C /* BaseViewController.swift */,
				4F3790E22C4A7C320000987C /* BaseViewModel.swift */,
			);
			path = BaseView;
			sourceTree = "<group>";
		};
		4F3790E72C4A7CF60000987C /* CustomView */ = {
			isa = PBXGroup;
			children = (
				4F17DC092C4D567B00C106D9 /* Previews */,
				4F4ED7402C4C1AC600AE779B /* RequestGallery */,
				4F4ED7342C4C136000AE779B /* SelectForm */,
				4F4ED72D2C4C084C00AE779B /* Adress */,
				4F4ED7282C4C042400AE779B /* FormField */,
				4F8BD6CC2C4B1968002B3D4C /* HeaderView */,
				4F8BD6C52C4B1884002B3D4C /* Base */,
				4F3790E82C4A7CFE0000987C /* LoadingWithSuccessView */,
			);
			path = CustomView;
			sourceTree = "<group>";
		};
		4F3790E82C4A7CFE0000987C /* LoadingWithSuccessView */ = {
			isa = PBXGroup;
			children = (
				4F3790E92C4A7D0D0000987C /* LoadingWithSuccessView.swift */,
			);
			path = LoadingWithSuccessView;
			sourceTree = "<group>";
		};
		4F3790EB2C4A7DB60000987C /* Model */ = {
			isa = PBXGroup;
			children = (
				4FE43DFC2C5A29DB00917919 /* Electronic */,
				4F17DC3A2C5055F400C106D9 /* Land */,
				4F17DC2F2C4E90F100C106D9 /* Estate */,
				4F17DC2E2C4E908C00C106D9 /* Vehicle */,
				4F3790EC2C4A7DBF0000987C /* Protocols */,
				4F3790F82C4A95D40000987C /* Product.swift */,
				4FE085302C7D25CE00C06D2B /* Uncategorized.swift */,
				4F4ED7172C4BD7F500AE779B /* ProductCategory.swift */,
				4F17DC3D2C511FEE00C106D9 /* Finalizer.swift */,
			);
			path = Model;
			sourceTree = "<group>";
		};
		4F3790EC2C4A7DBF0000987C /* Protocols */ = {
			isa = PBXGroup;
			children = (
				4F3790ED2C4A7DC90000987C /* AlertPresentable.swift */,
				4F3790EF2C4A7FBA0000987C /* XibNameProvider.swift */,
				4F4ED7192C4BD88700AE779B /* Describer.swift */,
				4F4ED71B2C4BE04500AE779B /* CategoryImplementer.swift */,
				4F4ED72B2C4C045D00AE779B /* View.swift */,
				4F4ED73E2C4C173B00AE779B /* SafeText.swift */,
				4F17DC2C2C4E8D9400C106D9 /* PreviewLayer.swift */,
				4F583B692C52EC7F00E58893 /* FormFieldRequirementsUnwrapper.swift */,
				4F583B6B2C52F39200E58893 /* Advert.swift */,
				4F583B6D2C52F52E00E58893 /* AdressPreviewer.swift */,
				4F583B742C52FD9C00E58893 /* GalleryPreviewer.swift */,
				4F583B6F2C52FC9000E58893 /* BaseProducts */,
				4FE43E222C5AEE9F00917919 /* AllAdverterRequirements.swift */,
			);
			path = Protocols;
			sourceTree = "<group>";
		};
		4F3790F12C4A80E80000987C /* Extension */ = {
			isa = PBXGroup;
			children = (
				4F583B842C53A05500E58893 /* UIKit */,
				4F583B832C53A05100E58893 /* Foundation */,
			);
			path = Extension;
			sourceTree = "<group>";
		};
		4F3790FC2C4AA2360000987C /* Home */ = {
			isa = PBXGroup;
			children = (
				4F3790FD2C4AA2420000987C /* HomeViewController.swift */,
				4F3790FF2C4AA2420000987C /* HomeViewController.xib */,
				4F3790FE2C4AA2420000987C /* HomeViewModel.swift */,
			);
			path = Home;
			sourceTree = "<group>";
		};
		4F4ED7212C4C025400AE779B /* AdvertAuto */ = {
			isa = PBXGroup;
			children = (
				4F4ED7222C4C02C400AE779B /* AdvertAutoFirstStepViewController.swift */,
				4F4ED7242C4C02C400AE779B /* AdvertAutoFirstStepViewController.xib */,
				4F4ED7232C4C02C400AE779B /* AdvertAutoFirstStepViewModel.swift */,
			);
			path = AdvertAuto;
			sourceTree = "<group>";
		};
		4F4ED7282C4C042400AE779B /* FormField */ = {
			isa = PBXGroup;
			children = (
				4F17DBFE2C4D0E1200C106D9 /* BaseForm.swift */,
				4F4ED7292C4C042C00AE779B /* ONFormField.swift */,
				4F17DC002C4D0E3B00C106D9 /* OFFormField.swift */,
			);
			path = FormField;
			sourceTree = "<group>";
		};
		4F4ED72D2C4C084C00AE779B /* Adress */ = {
			isa = PBXGroup;
			children = (
				4F4ED72E2C4C086800AE779B /* AdressViewController.swift */,
				4F4ED7302C4C086800AE779B /* AdressViewController.xib */,
				4F4ED72F2C4C086800AE779B /* AdressViewModel.swift */,
			);
			path = Adress;
			sourceTree = "<group>";
		};
		4F4ED7342C4C136000AE779B /* SelectForm */ = {
			isa = PBXGroup;
			children = (
				4F4ED7352C4C136C00AE779B /* SelectFormViewController.swift */,
				4F4ED7372C4C136C00AE779B /* SelectFormViewController.xib */,
				4F4ED7362C4C136C00AE779B /* SelectFormViewModel.swift */,
			);
			path = SelectForm;
			sourceTree = "<group>";
		};
		4F4ED73B2C4C144A00AE779B /* Resources */ = {
			isa = PBXGroup;
			children = (
				4F4ED73C2C4C146900AE779B /* AdressResource.swift */,
				4F4ED7472C4C3D9C00AE779B /* FormHelper.swift */,
			);
			path = Resources;
			sourceTree = "<group>";
		};
		4F4ED7402C4C1AC600AE779B /* RequestGallery */ = {
			isa = PBXGroup;
			children = (
				4F4ED7412C4C1AD300AE779B /* RequestGalleryViewController.swift */,
				4F4ED7432C4C1AD300AE779B /* RequestGalleryViewController.xib */,
				4F4ED7422C4C1AD300AE779B /* RequestGalleryViewModel.swift */,
			);
			path = RequestGallery;
			sourceTree = "<group>";
		};
		4F583B542C528A3700E58893 /* Residence */ = {
			isa = PBXGroup;
			children = (
				4F583B5D2C528BF200E58893 /* AdvertResidenceViewController.swift */,
				4F583B5F2C528BF200E58893 /* AdvertResidenceViewController.xib */,
				4F583B5E2C528BF200E58893 /* AdvertResidenceViewModel.swift */,
			);
			path = Residence;
			sourceTree = "<group>";
		};
		4F583B552C528A5D00E58893 /* Appertment */ = {
			isa = PBXGroup;
			children = (
				4F583B572C528A8E00E58893 /* AdvertAppertmentViewController.swift */,
				4F583B592C528A8E00E58893 /* AdvertAppertmentViewController.xib */,
				4F583B582C528A8E00E58893 /* AdvertAppertmentViewModel.swift */,
			);
			path = Appertment;
			sourceTree = "<group>";
		};
		4F583B562C528A6600E58893 /* Detached */ = {
			isa = PBXGroup;
			children = (
				4F583B632C528C4B00E58893 /* AdvertDetachedViewController.swift */,
				4F583B652C528C4B00E58893 /* AdvertDetachedViewController.xib */,
				4F583B642C528C4B00E58893 /* AdvertDetachedViewModel.swift */,
			);
			path = Detached;
			sourceTree = "<group>";
		};
		4F583B6F2C52FC9000E58893 /* BaseProducts */ = {
			isa = PBXGroup;
			children = (
				4F583B702C52FD0D00E58893 /* House.swift */,
				4F583B722C52FD1600E58893 /* BaseProducts.swift */,
			);
			path = BaseProducts;
			sourceTree = "<group>";
		};
		4F583B762C53038600E58893 /* CarPreview */ = {
			isa = PBXGroup;
			children = (
				4F17DC0A2C4D568700C106D9 /* CarPreview.swift */,
				4F17DC0C2C4D56C800C106D9 /* CarPreview.xib */,
			);
			path = CarPreview;
			sourceTree = "<group>";
		};
		4F583B772C5393CA00E58893 /* HousePreview */ = {
			isa = PBXGroup;
			children = (
				4F583B7A2C53942A00E58893 /* HousePreview.swift */,
				4F583B782C53940C00E58893 /* HousePreview.xib */,
			);
			path = HousePreview;
			sourceTree = "<group>";
		};
		4F583B7E2C539C4400E58893 /* SiteHousePreview */ = {
			isa = PBXGroup;
			children = (
				4F583B7F2C539C4F00E58893 /* SiteHousePreview.swift */,
				4F583B812C539D3300E58893 /* SiteHousePreview.xib */,
			);
			path = SiteHousePreview;
			sourceTree = "<group>";
		};
		4F583B832C53A05100E58893 /* Foundation */ = {
			isa = PBXGroup;
			children = (
				4F8BD6CA2C4B1915002B3D4C /* String.swift */,
				4F8BD6CF2C4B1ACF002B3D4C /* Color.swift */,
				4F4ED71F2C4BF1C500AE779B /* NSObject.swift */,
				4F17DC0E2C4DB64B00C106D9 /* Date.swift */,
				4F583B7C2C53975600E58893 /* Bool.swift */,
			);
			path = Foundation;
			sourceTree = "<group>";
		};
		4F583B842C53A05500E58893 /* UIKit */ = {
			isa = PBXGroup;
			children = (
				4F4ED7492C4C630400AE779B /* Responder.swift */,
				4F3790F22C4A80F10000987C /* ViewController.swift */,
				4F4ED71D2C4BEEA900AE779B /* TableViewCell.swift */,
				4F17DC172C4E602200C106D9 /* CollectionViewCell.swift */,
			);
			path = UIKit;
			sourceTree = "<group>";
		};
		4F583B852C53BB4700E58893 /* AdvertLand */ = {
			isa = PBXGroup;
			children = (
				4F583B862C53BB5200E58893 /* AdvertLandViewController.swift */,
				4F583B882C53BB5200E58893 /* AdvertLandViewController.xib */,
				4F583B872C53BB5200E58893 /* AdvertLandViewModel.swift */,
			);
			path = AdvertLand;
			sourceTree = "<group>";
		};
		4F583B8C2C53C57400E58893 /* LandPreview */ = {
			isa = PBXGroup;
			children = (
				4F583B8D2C53C59E00E58893 /* LandPreview.swift */,
				4F583B8F2C53C6DC00E58893 /* LandPreview.xib */,
			);
			path = LandPreview;
			sourceTree = "<group>";
		};
		4F8BD6AA2C4B159B002B3D4C /* Advert */ = {
			isa = PBXGroup;
			children = (
				4F0D0A0F2C4BA89A00427C78 /* Cell */,
				4F8BD6AB2C4B15C4002B3D4C /* AdvertViewController.swift */,
				4F8BD6AD2C4B15C4002B3D4C /* AdvertViewController.xib */,
				4F8BD6AC2C4B15C4002B3D4C /* AdvertViewModel.swift */,
			);
			path = Advert;
			sourceTree = "<group>";
		};
		4F8BD6C52C4B1884002B3D4C /* Base */ = {
			isa = PBXGroup;
			children = (
				4F8BD6C62C4B188C002B3D4C /* BaseView.swift */,
				4F8BD6C82C4B18BD002B3D4C /* BaseButton.swift */,
			);
			path = Base;
			sourceTree = "<group>";
		};
		4F8BD6CC2C4B1968002B3D4C /* HeaderView */ = {
			isa = PBXGroup;
			children = (
				4F8BD6CD2C4B197C002B3D4C /* DefaultHeaderView.swift */,
			);
			path = HeaderView;
			sourceTree = "<group>";
		};
		4FE43DE92C591A7A00917919 /* Fonts */ = {
			isa = PBXGroup;
			children = (
				4FE43DEF2C591A9C00917919 /* Montserrat-Black.ttf */,
				4FE43DF12C591A9C00917919 /* Montserrat-Bold.ttf */,
				4FE43DEB2C591A9C00917919 /* Montserrat-ExtraBold.ttf */,
				4FE43DEA2C591A9C00917919 /* Montserrat-ExtraLight.ttf */,
				4FE43DEE2C591A9C00917919 /* Montserrat-Light.ttf */,
				4FE43DF22C591A9C00917919 /* Montserrat-Medium.ttf */,
				4FE43DEC2C591A9C00917919 /* Montserrat-Regular.ttf */,
				4FE43DED2C591A9C00917919 /* Montserrat-SemiBold.ttf */,
				4FE43DF02C591A9C00917919 /* Montserrat-Thin.ttf */,
			);
			path = Fonts;
			sourceTree = "<group>";
		};
		4FE43DFC2C5A29DB00917919 /* Electronic */ = {
			isa = PBXGroup;
			children = (
				4FE43DFD2C5A2B2700917919 /* ElectronicProduct.swift */,
				4FE43E022C5A4A2600917919 /* ComputerProduct.swift */,
				4FE43E042C5A4AD300917919 /* ComputerEnvironment.swift */,
				4FE43E062C5A4AF500917919 /* DesktopEnvironment.swift */,
				4FE43E082C5A4B5F00917919 /* NotebookEnvironment.swift */,
				4FE43E0A2C5A5F0A00917919 /* NotebookProduct.swift */,
				4FE085322C7DC1C700C06D2B /* AccessoriesEnvironment.swift */,
				4FE085342C7DCEEC00C06D2B /* TabletEnvironment.swift */,
			);
			path = Electronic;
			sourceTree = "<group>";
		};
		4FE43DFF2C5A423500917919 /* Estate */ = {
			isa = PBXGroup;
			children = (
				4F583B852C53BB4700E58893 /* AdvertLand */,
				4F17DC3F2C51251000C106D9 /* AdvertHouse */,
			);
			path = Estate;
			sourceTree = "<group>";
		};
		4FE43E002C5A424A00917919 /* Vehicle */ = {
			isa = PBXGroup;
			children = (
				4F4ED7212C4C025400AE779B /* AdvertAuto */,
			);
			path = Vehicle;
			sourceTree = "<group>";
		};
		4FE43E012C5A426200917919 /* Electronic */ = {
			isa = PBXGroup;
			children = (
				4FE43E152C5A680000917919 /* Desktop */,
				4FE43E142C5A67FC00917919 /* Notebook */,
			);
			path = Electronic;
			sourceTree = "<group>";
		};
		4FE43E0C2C5A675800917919 /* Electronic */ = {
			isa = PBXGroup;
			children = (
				4FE43E0F2C5A678600917919 /* DesktopPreview */,
				4FE43E282C5BC5C000917919 /* NotebookPreview */,
			);
			path = Electronic;
			sourceTree = "<group>";
		};
		4FE43E0D2C5A676B00917919 /* Estate */ = {
			isa = PBXGroup;
			children = (
				4F583B8C2C53C57400E58893 /* LandPreview */,
				4F583B7E2C539C4400E58893 /* SiteHousePreview */,
				4F583B772C5393CA00E58893 /* HousePreview */,
			);
			path = Estate;
			sourceTree = "<group>";
		};
		4FE43E0E2C5A677700917919 /* Vehicle */ = {
			isa = PBXGroup;
			children = (
				4F583B762C53038600E58893 /* CarPreview */,
			);
			path = Vehicle;
			sourceTree = "<group>";
		};
		4FE43E0F2C5A678600917919 /* DesktopPreview */ = {
			isa = PBXGroup;
			children = (
				4FE43E262C5BC38000917919 /* PCDesktopPreview.swift */,
				4FE43E102C5A67BB00917919 /* PCDesktopPreview.xib */,
			);
			path = DesktopPreview;
			sourceTree = "<group>";
		};
		4FE43E142C5A67FC00917919 /* Notebook */ = {
			isa = PBXGroup;
			children = (
				4FE43E162C5A680D00917919 /* AdvertNotebookViewController.swift */,
				4FE43E182C5A680D00917919 /* AdvertNotebookViewController.xib */,
				4FE43E172C5A680D00917919 /* AdvertNotebookViewModel.swift */,
			);
			path = Notebook;
			sourceTree = "<group>";
		};
		4FE43E152C5A680000917919 /* Desktop */ = {
			isa = PBXGroup;
			children = (
				4FE43E1C2C5A681C00917919 /* AdvertDesktopViewController.swift */,
				4FE43E1E2C5A681C00917919 /* AdvertDesktopViewController.xib */,
				4FE43E1D2C5A681C00917919 /* AdvertDesktopViewModel.swift */,
			);
			path = Desktop;
			sourceTree = "<group>";
		};
		4FE43E282C5BC5C000917919 /* NotebookPreview */ = {
			isa = PBXGroup;
			children = (
				4FE43E2B2C5BC6B600917919 /* NotebookPreview.swift */,
				4FE43E292C5BC5D100917919 /* NotebookPreview.xib */,
			);
			path = NotebookPreview;
			sourceTree = "<group>";
		};
		4FE43E2D2C5BCC8500917919 /* Uncategorized */ = {
			isa = PBXGroup;
			children = (
				4FE0852E2C7D246400C06D2B /* UncategorizedPreview.swift */,
				4FE43E2E2C5BCC8F00917919 /* UncategorizedPreview.xib */,
			);
			path = Uncategorized;
			sourceTree = "<group>";
		};
		4FE43E302C5BCCF900917919 /* Uncategorized */ = {
			isa = PBXGroup;
			children = (
				4FE43E312C5BCD0600917919 /* UncategorizedViewController.swift */,
				4FE43E332C5BCD0600917919 /* UncategorizedViewController.xib */,
				4FE43E322C5BCD0600917919 /* UncategorizedViewModel.swift */,
			);
			path = Uncategorized;
			sourceTree = "<group>";
		};
/* End PBXGroup section */

/* Begin PBXNativeTarget section */
		4F3790C32C4A7A940000987C /* Swap */ = {
			isa = PBXNativeTarget;
			buildConfigurationList = 4F3790DB2C4A7A960000987C /* Build configuration list for PBXNativeTarget "Swap" */;
			buildPhases = (
				4F3790C02C4A7A940000987C /* Sources */,
				4F3790C12C4A7A940000987C /* Frameworks */,
				4F3790C22C4A7A940000987C /* Resources */,
			);
			buildRules = (
			);
			dependencies = (
			);
			name = Swap;
			packageProductDependencies = (
				4F3790E52C4A7CD60000987C /* NVActivityIndicatorView */,
			);
			productName = Swap;
			productReference = 4F3790C42C4A7A940000987C /* Swap.app */;
			productType = "com.apple.product-type.application";
		};
/* End PBXNativeTarget section */

/* Begin PBXProject section */
		4F3790BC2C4A7A940000987C /* Project object */ = {
			isa = PBXProject;
			attributes = {
				BuildIndependentTargetsInParallel = 1;
				LastSwiftUpdateCheck = 1540;
				LastUpgradeCheck = 1540;
				TargetAttributes = {
					4F3790C32C4A7A940000987C = {
						CreatedOnToolsVersion = 15.4;
					};
				};
			};
			buildConfigurationList = 4F3790BF2C4A7A940000987C /* Build configuration list for PBXProject "Swap" */;
			compatibilityVersion = "Xcode 14.0";
			developmentRegion = en;
			hasScannedForEncodings = 0;
			knownRegions = (
				en,
				Base,
			);
			mainGroup = 4F3790BB2C4A7A940000987C;
			packageReferences = (
				4F3790E42C4A7CD60000987C /* XCRemoteSwiftPackageReference "NVActivityIndicatorView" */,
			);
			productRefGroup = 4F3790C52C4A7A940000987C /* Products */;
			projectDirPath = "";
			projectRoot = "";
			targets = (
				4F3790C32C4A7A940000987C /* Swap */,
			);
		};
/* End PBXProject section */

/* Begin PBXResourcesBuildPhase section */
		4F3790C22C4A7A940000987C /* Resources */ = {
			isa = PBXResourcesBuildPhase;
			buildActionMask = 2147483647;
			files = (
				4F17DC152C4E5EF100C106D9 /* AdvertPreviewImageCollectionViewCell.xib in Resources */,
				4FE43E1B2C5A680D00917919 /* AdvertNotebookViewController.xib in Resources */,
				4FE43DF92C591A9C00917919 /* Montserrat-Thin.ttf in Resources */,
				4F583B792C53940C00E58893 /* HousePreview.xib in Resources */,
				4FE43DF52C591A9C00917919 /* Montserrat-Regular.ttf in Resources */,
				4F17DC432C51254B00C106D9 /* AdvertHouseViewController.xib in Resources */,
				4F3790D42C4A7A960000987C /* Assets.xcassets in Resources */,
				4F17DC0D2C4D56C800C106D9 /* CarPreview.xib in Resources */,
				4FE43E2F2C5BCC8F00917919 /* UncategorizedPreview.xib in Resources */,
				4FE43DF62C591A9C00917919 /* Montserrat-SemiBold.ttf in Resources */,
				4FE43DFB2C591A9C00917919 /* Montserrat-Medium.ttf in Resources */,
				4F583B8B2C53BB5200E58893 /* AdvertLandViewController.xib in Resources */,
				4F17DC062C4D50DF00C106D9 /* AdvertPreviewViewController.xib in Resources */,
				4F0D0A132C4BA8A600427C78 /* AdvertTableViewCell.xib in Resources */,
				4FE43E362C5BCD0600917919 /* UncategorizedViewController.xib in Resources */,
				4F583B682C528C4B00E58893 /* AdvertDetachedViewController.xib in Resources */,
				4FE43E112C5A67BB00917919 /* PCDesktopPreview.xib in Resources */,
				4FE43E212C5A681C00917919 /* AdvertDesktopViewController.xib in Resources */,
				4F583B902C53C6DC00E58893 /* LandPreview.xib in Resources */,
				4FE43DF32C591A9C00917919 /* Montserrat-ExtraLight.ttf in Resources */,
				4F4ED7272C4C02C400AE779B /* AdvertAutoFirstStepViewController.xib in Resources */,
				4F3790D72C4A7A960000987C /* Base in Resources */,
				4FE43DF72C591A9C00917919 /* Montserrat-Light.ttf in Resources */,
				4F583B5C2C528A8E00E58893 /* AdvertAppertmentViewController.xib in Resources */,
				4FE43DF82C591A9C00917919 /* Montserrat-Black.ttf in Resources */,
				4F4ED7462C4C1AD300AE779B /* RequestGalleryViewController.xib in Resources */,
				4FE43DFA2C591A9C00917919 /* Montserrat-Bold.ttf in Resources */,
				4F4ED7332C4C086800AE779B /* AdressViewController.xib in Resources */,
				4F583B822C539D3300E58893 /* SiteHousePreview.xib in Resources */,
				4F8BD6AE2C4B15C4002B3D4C /* AdvertViewController.xib in Resources */,
				4F4ED73A2C4C136C00AE779B /* SelectFormViewController.xib in Resources */,
				4FE43DF42C591A9C00917919 /* Montserrat-ExtraBold.ttf in Resources */,
				4F583B622C528BF200E58893 /* AdvertResidenceViewController.xib in Resources */,
				4FE43E2A2C5BC5D100917919 /* NotebookPreview.xib in Resources */,
				4F3791002C4AA2420000987C /* HomeViewController.xib in Resources */,
			);
			runOnlyForDeploymentPostprocessing = 0;
		};
/* End PBXResourcesBuildPhase section */

/* Begin PBXSourcesBuildPhase section */
		4F3790C02C4A7A940000987C /* Sources */ = {
			isa = PBXSourcesBuildPhase;
			buildActionMask = 2147483647;
			files = (
				4F583B6A2C52EC7F00E58893 /* FormFieldRequirementsUnwrapper.swift in Sources */,
				4F4ED72C2C4C045D00AE779B /* View.swift in Sources */,
				4F583B602C528BF200E58893 /* AdvertResidenceViewController.swift in Sources */,
				4F583B612C528BF200E58893 /* AdvertResidenceViewModel.swift in Sources */,
				4FE43E072C5A4AF500917919 /* DesktopEnvironment.swift in Sources */,
				4F3790FB2C4A98840000987C /* Vehicle.swift in Sources */,
				4F17DC2D2C4E8D9400C106D9 /* PreviewLayer.swift in Sources */,
				4FE0852F2C7D246400C06D2B /* UncategorizedPreview.swift in Sources */,
				4F3790EE2C4A7DC90000987C /* AlertPresentable.swift in Sources */,
				4F8BD6CB2C4B1915002B3D4C /* String.swift in Sources */,
				4F4ED7182C4BD7F500AE779B /* ProductCategory.swift in Sources */,
				4FE43E0B2C5A5F0A00917919 /* NotebookProduct.swift in Sources */,
				4FE43DFE2C5A2B2700917919 /* ElectronicProduct.swift in Sources */,
				4F3790D22C4A7A940000987C /* Swap.xcdatamodeld in Sources */,
				4FE43E052C5A4AD300917919 /* ComputerEnvironment.swift in Sources */,
				4F583B892C53BB5200E58893 /* AdvertLandViewController.swift in Sources */,
				4F583B8A2C53BB5200E58893 /* AdvertLandViewModel.swift in Sources */,
				4F583B752C52FD9C00E58893 /* GalleryPreviewer.swift in Sources */,
				4FE43E192C5A680D00917919 /* AdvertNotebookViewController.swift in Sources */,
				4FE085352C7DCEEC00C06D2B /* TabletEnvironment.swift in Sources */,
				4FE43E1A2C5A680D00917919 /* AdvertNotebookViewModel.swift in Sources */,
				4F17DC162C4E5EF100C106D9 /* AdvertPreviewImageCollectionViewCell.swift in Sources */,
				4F583B6E2C52F52E00E58893 /* AdressPreviewer.swift in Sources */,
				4F4ED7312C4C086800AE779B /* AdressViewController.swift in Sources */,
				4F4ED7322C4C086800AE779B /* AdressViewModel.swift in Sources */,
				4F4ED72A2C4C042C00AE779B /* ONFormField.swift in Sources */,
				4F583B732C52FD1600E58893 /* BaseProducts.swift in Sources */,
				4F8BD6CE2C4B197C002B3D4C /* DefaultHeaderView.swift in Sources */,
				4FE43E1F2C5A681C00917919 /* AdvertDesktopViewController.swift in Sources */,
				4FE43E202C5A681C00917919 /* AdvertDesktopViewModel.swift in Sources */,
				4F17DC372C50554200C106D9 /* Residence.swift in Sources */,
				4F4ED71C2C4BE04500AE779B /* CategoryImplementer.swift in Sources */,
				4F0D0A122C4BA8A600427C78 /* AdvertTableViewCell.swift in Sources */,
				4F3790EA2C4A7D0D0000987C /* LoadingWithSuccessView.swift in Sources */,
				4F4ED71A2C4BD88700AE779B /* Describer.swift in Sources */,
				4F3790F32C4A80F10000987C /* ViewController.swift in Sources */,
				4F3790F02C4A7FBA0000987C /* XibNameProvider.swift in Sources */,
				4F583B7B2C53942A00E58893 /* HousePreview.swift in Sources */,
				4F583B802C539C4F00E58893 /* SiteHousePreview.swift in Sources */,
				4F4ED7442C4C1AD300AE779B /* RequestGalleryViewController.swift in Sources */,
				4F4ED7452C4C1AD300AE779B /* RequestGalleryViewModel.swift in Sources */,
				4F4ED71E2C4BEEA900AE779B /* TableViewCell.swift in Sources */,
				4F17DC0F2C4DB64B00C106D9 /* Date.swift in Sources */,
				4F4ED7382C4C136C00AE779B /* SelectFormViewController.swift in Sources */,
				4F583B712C52FD0D00E58893 /* House.swift in Sources */,
				4F4ED7392C4C136C00AE779B /* SelectFormViewModel.swift in Sources */,
				4F3790F92C4A95D40000987C /* Product.swift in Sources */,
				4FE085312C7D25CE00C06D2B /* Uncategorized.swift in Sources */,
				4FE43E2C2C5BC6B600917919 /* NotebookPreview.swift in Sources */,
				4F3790E32C4A7C320000987C /* BaseViewModel.swift in Sources */,
				4F17DC072C4D50DF00C106D9 /* AdvertPreviewViewController.swift in Sources */,
				4FE085332C7DC1C700C06D2B /* AccessoriesEnvironment.swift in Sources */,
				4F17DC082C4D50DF00C106D9 /* AdvertPreviewViewModel.swift in Sources */,
				4F3791012C4AA2420000987C /* HomeViewController.swift in Sources */,
				4F583B8E2C53C59E00E58893 /* LandPreview.swift in Sources */,
				4F8BD6C92C4B18BD002B3D4C /* BaseButton.swift in Sources */,
				4FE43E342C5BCD0600917919 /* UncategorizedViewController.swift in Sources */,
				4FE43E352C5BCD0600917919 /* UncategorizedViewModel.swift in Sources */,
				4F17DC442C51254B00C106D9 /* AdvertHouseViewController.swift in Sources */,
				4F17DC452C51254B00C106D9 /* AdvertHouseViewModel.swift in Sources */,
				4F4ED7202C4BF1C500AE779B /* NSObject.swift in Sources */,
				4F17DC3E2C511FEE00C106D9 /* Finalizer.swift in Sources */,
				4F17DC182C4E602200C106D9 /* CollectionViewCell.swift in Sources */,
				4F4ED7252C4C02C400AE779B /* AdvertAutoFirstStepViewController.swift in Sources */,
				4F4ED7262C4C02C400AE779B /* AdvertAutoFirstStepViewModel.swift in Sources */,
				4F3791022C4AA2420000987C /* HomeViewModel.swift in Sources */,
				4F8BD6D02C4B1ACF002B3D4C /* Color.swift in Sources */,
				4F3790E12C4A7B270000987C /* BaseViewController.swift in Sources */,
				4F583B662C528C4B00E58893 /* AdvertDetachedViewController.swift in Sources */,
				4F583B672C528C4B00E58893 /* AdvertDetachedViewModel.swift in Sources */,
				4F17DC3C2C5055FE00C106D9 /* LandProduct.swift in Sources */,
				4F3790F72C4A91690000987C /* Car.swift in Sources */,
				4F4ED74A2C4C630400AE779B /* Responder.swift in Sources */,
				4F4ED73D2C4C146900AE779B /* AdressResource.swift in Sources */,
				4F4ED73F2C4C173B00AE779B /* SafeText.swift in Sources */,
				4F8BD6AF2C4B15C4002B3D4C /* AdvertViewController.swift in Sources */,
				4F17DBFF2C4D0E1200C106D9 /* BaseForm.swift in Sources */,
				4F583B6C2C52F39200E58893 /* Advert.swift in Sources */,
				4FE43E032C5A4A2600917919 /* ComputerProduct.swift in Sources */,
				4F17DC352C50552200C106D9 /* SiteHouseProduct.swift in Sources */,
				4F17DC012C4D0E3B00C106D9 /* OFFormField.swift in Sources */,
				4FE43E272C5BC38000917919 /* PCDesktopPreview.swift in Sources */,
				4F4ED7482C4C3D9C00AE779B /* FormHelper.swift in Sources */,
				4F583B5A2C528A8E00E58893 /* AdvertAppertmentViewController.swift in Sources */,
				4F583B5B2C528A8E00E58893 /* AdvertAppertmentViewModel.swift in Sources */,
				4F17DC312C4E910D00C106D9 /* EstateProduct.swift in Sources */,
				4F17DC0B2C4D568700C106D9 /* CarPreview.swift in Sources */,
				4F8BD6B02C4B15C4002B3D4C /* AdvertViewModel.swift in Sources */,
				4F3790F52C4A82EC0000987C /* Organizer.swift in Sources */,
				4F17DC392C50558700C106D9 /* Detached.swift in Sources */,
				4F8BD6C72C4B188C002B3D4C /* BaseView.swift in Sources */,
				4FE43E092C5A4B5F00917919 /* NotebookEnvironment.swift in Sources */,
				4F3790C82C4A7A940000987C /* AppDelegate.swift in Sources */,
				4FE43E232C5AEEA000917919 /* AllAdverterRequirements.swift in Sources */,
				4F583B7D2C53975600E58893 /* Bool.swift in Sources */,
				4F17DC332C50313A00C106D9 /* Appertment.swift in Sources */,
				4F3790CA2C4A7A940000987C /* SceneDelegate.swift in Sources */,
			);
			runOnlyForDeploymentPostprocessing = 0;
		};
/* End PBXSourcesBuildPhase section */

/* Begin PBXVariantGroup section */
		4F3790D52C4A7A960000987C /* LaunchScreen.storyboard */ = {
			isa = PBXVariantGroup;
			children = (
				4F3790D62C4A7A960000987C /* Base */,
			);
			name = LaunchScreen.storyboard;
			sourceTree = "<group>";
		};
/* End PBXVariantGroup section */

/* Begin XCBuildConfiguration section */
		4F3790D92C4A7A960000987C /* Debug */ = {
			isa = XCBuildConfiguration;
			buildSettings = {
				ALWAYS_SEARCH_USER_PATHS = NO;
				ASSETCATALOG_COMPILER_GENERATE_SWIFT_ASSET_SYMBOL_EXTENSIONS = YES;
				CLANG_ANALYZER_NONNULL = YES;
				CLANG_ANALYZER_NUMBER_OBJECT_CONVERSION = YES_AGGRESSIVE;
				CLANG_CXX_LANGUAGE_STANDARD = "gnu++20";
				CLANG_ENABLE_MODULES = YES;
				CLANG_ENABLE_OBJC_ARC = YES;
				CLANG_ENABLE_OBJC_WEAK = YES;
				CLANG_WARN_BLOCK_CAPTURE_AUTORELEASING = YES;
				CLANG_WARN_BOOL_CONVERSION = YES;
				CLANG_WARN_COMMA = YES;
				CLANG_WARN_CONSTANT_CONVERSION = YES;
				CLANG_WARN_DEPRECATED_OBJC_IMPLEMENTATIONS = YES;
				CLANG_WARN_DIRECT_OBJC_ISA_USAGE = YES_ERROR;
				CLANG_WARN_DOCUMENTATION_COMMENTS = YES;
				CLANG_WARN_EMPTY_BODY = YES;
				CLANG_WARN_ENUM_CONVERSION = YES;
				CLANG_WARN_INFINITE_RECURSION = YES;
				CLANG_WARN_INT_CONVERSION = YES;
				CLANG_WARN_NON_LITERAL_NULL_CONVERSION = YES;
				CLANG_WARN_OBJC_IMPLICIT_RETAIN_SELF = YES;
				CLANG_WARN_OBJC_LITERAL_CONVERSION = YES;
				CLANG_WARN_OBJC_ROOT_CLASS = YES_ERROR;
				CLANG_WARN_QUOTED_INCLUDE_IN_FRAMEWORK_HEADER = YES;
				CLANG_WARN_RANGE_LOOP_ANALYSIS = YES;
				CLANG_WARN_STRICT_PROTOTYPES = YES;
				CLANG_WARN_SUSPICIOUS_MOVE = YES;
				CLANG_WARN_UNGUARDED_AVAILABILITY = YES_AGGRESSIVE;
				CLANG_WARN_UNREACHABLE_CODE = YES;
				CLANG_WARN__DUPLICATE_METHOD_MATCH = YES;
				COPY_PHASE_STRIP = NO;
				DEBUG_INFORMATION_FORMAT = dwarf;
				ENABLE_STRICT_OBJC_MSGSEND = YES;
				ENABLE_TESTABILITY = YES;
				ENABLE_USER_SCRIPT_SANDBOXING = YES;
				GCC_C_LANGUAGE_STANDARD = gnu17;
				GCC_DYNAMIC_NO_PIC = NO;
				GCC_NO_COMMON_BLOCKS = YES;
				GCC_OPTIMIZATION_LEVEL = 0;
				GCC_PREPROCESSOR_DEFINITIONS = (
					"DEBUG=1",
					"$(inherited)",
				);
				GCC_WARN_64_TO_32_BIT_CONVERSION = YES;
				GCC_WARN_ABOUT_RETURN_TYPE = YES_ERROR;
				GCC_WARN_UNDECLARED_SELECTOR = YES;
				GCC_WARN_UNINITIALIZED_AUTOS = YES_AGGRESSIVE;
				GCC_WARN_UNUSED_FUNCTION = YES;
				GCC_WARN_UNUSED_VARIABLE = YES;
				IPHONEOS_DEPLOYMENT_TARGET = 17.5;
				LOCALIZATION_PREFERS_STRING_CATALOGS = YES;
				MTL_ENABLE_DEBUG_INFO = INCLUDE_SOURCE;
				MTL_FAST_MATH = YES;
				ONLY_ACTIVE_ARCH = YES;
				SDKROOT = iphoneos;
				SWIFT_ACTIVE_COMPILATION_CONDITIONS = "DEBUG $(inherited)";
				SWIFT_OPTIMIZATION_LEVEL = "-Onone";
			};
			name = Debug;
		};
		4F3790DA2C4A7A960000987C /* Release */ = {
			isa = XCBuildConfiguration;
			buildSettings = {
				ALWAYS_SEARCH_USER_PATHS = NO;
				ASSETCATALOG_COMPILER_GENERATE_SWIFT_ASSET_SYMBOL_EXTENSIONS = YES;
				CLANG_ANALYZER_NONNULL = YES;
				CLANG_ANALYZER_NUMBER_OBJECT_CONVERSION = YES_AGGRESSIVE;
				CLANG_CXX_LANGUAGE_STANDARD = "gnu++20";
				CLANG_ENABLE_MODULES = YES;
				CLANG_ENABLE_OBJC_ARC = YES;
				CLANG_ENABLE_OBJC_WEAK = YES;
				CLANG_WARN_BLOCK_CAPTURE_AUTORELEASING = YES;
				CLANG_WARN_BOOL_CONVERSION = YES;
				CLANG_WARN_COMMA = YES;
				CLANG_WARN_CONSTANT_CONVERSION = YES;
				CLANG_WARN_DEPRECATED_OBJC_IMPLEMENTATIONS = YES;
				CLANG_WARN_DIRECT_OBJC_ISA_USAGE = YES_ERROR;
				CLANG_WARN_DOCUMENTATION_COMMENTS = YES;
				CLANG_WARN_EMPTY_BODY = YES;
				CLANG_WARN_ENUM_CONVERSION = YES;
				CLANG_WARN_INFINITE_RECURSION = YES;
				CLANG_WARN_INT_CONVERSION = YES;
				CLANG_WARN_NON_LITERAL_NULL_CONVERSION = YES;
				CLANG_WARN_OBJC_IMPLICIT_RETAIN_SELF = YES;
				CLANG_WARN_OBJC_LITERAL_CONVERSION = YES;
				CLANG_WARN_OBJC_ROOT_CLASS = YES_ERROR;
				CLANG_WARN_QUOTED_INCLUDE_IN_FRAMEWORK_HEADER = YES;
				CLANG_WARN_RANGE_LOOP_ANALYSIS = YES;
				CLANG_WARN_STRICT_PROTOTYPES = YES;
				CLANG_WARN_SUSPICIOUS_MOVE = YES;
				CLANG_WARN_UNGUARDED_AVAILABILITY = YES_AGGRESSIVE;
				CLANG_WARN_UNREACHABLE_CODE = YES;
				CLANG_WARN__DUPLICATE_METHOD_MATCH = YES;
				COPY_PHASE_STRIP = NO;
				DEBUG_INFORMATION_FORMAT = "dwarf-with-dsym";
				ENABLE_NS_ASSERTIONS = NO;
				ENABLE_STRICT_OBJC_MSGSEND = YES;
				ENABLE_USER_SCRIPT_SANDBOXING = YES;
				GCC_C_LANGUAGE_STANDARD = gnu17;
				GCC_NO_COMMON_BLOCKS = YES;
				GCC_WARN_64_TO_32_BIT_CONVERSION = YES;
				GCC_WARN_ABOUT_RETURN_TYPE = YES_ERROR;
				GCC_WARN_UNDECLARED_SELECTOR = YES;
				GCC_WARN_UNINITIALIZED_AUTOS = YES_AGGRESSIVE;
				GCC_WARN_UNUSED_FUNCTION = YES;
				GCC_WARN_UNUSED_VARIABLE = YES;
				IPHONEOS_DEPLOYMENT_TARGET = 17.5;
				LOCALIZATION_PREFERS_STRING_CATALOGS = YES;
				MTL_ENABLE_DEBUG_INFO = NO;
				MTL_FAST_MATH = YES;
				SDKROOT = iphoneos;
				SWIFT_COMPILATION_MODE = wholemodule;
				VALIDATE_PRODUCT = YES;
			};
			name = Release;
		};
		4F3790DC2C4A7A960000987C /* Debug */ = {
			isa = XCBuildConfiguration;
			buildSettings = {
				ASSETCATALOG_COMPILER_APPICON_NAME = AppIcon;
				ASSETCATALOG_COMPILER_GLOBAL_ACCENT_COLOR_NAME = AccentColor;
				CODE_SIGN_STYLE = Automatic;
				CURRENT_PROJECT_VERSION = 1;
				DEVELOPMENT_TEAM = U6SLCLV97U;
				GENERATE_INFOPLIST_FILE = YES;
				INFOPLIST_FILE = Swap/Info.plist;
				INFOPLIST_KEY_UIApplicationSupportsIndirectInputEvents = YES;
				INFOPLIST_KEY_UILaunchStoryboardName = LaunchScreen;
				INFOPLIST_KEY_UIMainStoryboardFile = "";
				INFOPLIST_KEY_UISupportedInterfaceOrientations_iPad = "UIInterfaceOrientationPortrait UIInterfaceOrientationPortraitUpsideDown UIInterfaceOrientationLandscapeLeft UIInterfaceOrientationLandscapeRight";
				INFOPLIST_KEY_UISupportedInterfaceOrientations_iPhone = "UIInterfaceOrientationPortrait UIInterfaceOrientationLandscapeLeft UIInterfaceOrientationLandscapeRight";
				LD_RUNPATH_SEARCH_PATHS = (
					"$(inherited)",
					"@executable_path/Frameworks",
				);
				MARKETING_VERSION = 1.0;
				PRODUCT_BUNDLE_IDENTIFIER = com.ibrahimtasdemir.com.Swap;
				PRODUCT_NAME = "$(TARGET_NAME)";
				SWIFT_EMIT_LOC_STRINGS = YES;
				SWIFT_VERSION = 5.0;
				TARGETED_DEVICE_FAMILY = "1,2";
			};
			name = Debug;
		};
		4F3790DD2C4A7A960000987C /* Release */ = {
			isa = XCBuildConfiguration;
			buildSettings = {
				ASSETCATALOG_COMPILER_APPICON_NAME = AppIcon;
				ASSETCATALOG_COMPILER_GLOBAL_ACCENT_COLOR_NAME = AccentColor;
				CODE_SIGN_STYLE = Automatic;
				CURRENT_PROJECT_VERSION = 1;
				DEVELOPMENT_TEAM = U6SLCLV97U;
				GENERATE_INFOPLIST_FILE = YES;
				INFOPLIST_FILE = Swap/Info.plist;
				INFOPLIST_KEY_UIApplicationSupportsIndirectInputEvents = YES;
				INFOPLIST_KEY_UILaunchStoryboardName = LaunchScreen;
				INFOPLIST_KEY_UIMainStoryboardFile = "";
				INFOPLIST_KEY_UISupportedInterfaceOrientations_iPad = "UIInterfaceOrientationPortrait UIInterfaceOrientationPortraitUpsideDown UIInterfaceOrientationLandscapeLeft UIInterfaceOrientationLandscapeRight";
				INFOPLIST_KEY_UISupportedInterfaceOrientations_iPhone = "UIInterfaceOrientationPortrait UIInterfaceOrientationLandscapeLeft UIInterfaceOrientationLandscapeRight";
				LD_RUNPATH_SEARCH_PATHS = (
					"$(inherited)",
					"@executable_path/Frameworks",
				);
				MARKETING_VERSION = 1.0;
				PRODUCT_BUNDLE_IDENTIFIER = com.ibrahimtasdemir.com.Swap;
				PRODUCT_NAME = "$(TARGET_NAME)";
				SWIFT_EMIT_LOC_STRINGS = YES;
				SWIFT_VERSION = 5.0;
				TARGETED_DEVICE_FAMILY = "1,2";
			};
			name = Release;
		};
/* End XCBuildConfiguration section */

/* Begin XCConfigurationList section */
		4F3790BF2C4A7A940000987C /* Build configuration list for PBXProject "Swap" */ = {
			isa = XCConfigurationList;
			buildConfigurations = (
				4F3790D92C4A7A960000987C /* Debug */,
				4F3790DA2C4A7A960000987C /* Release */,
			);
			defaultConfigurationIsVisible = 0;
			defaultConfigurationName = Release;
		};
		4F3790DB2C4A7A960000987C /* Build configuration list for PBXNativeTarget "Swap" */ = {
			isa = XCConfigurationList;
			buildConfigurations = (
				4F3790DC2C4A7A960000987C /* Debug */,
				4F3790DD2C4A7A960000987C /* Release */,
			);
			defaultConfigurationIsVisible = 0;
			defaultConfigurationName = Release;
		};
/* End XCConfigurationList section */

/* Begin XCRemoteSwiftPackageReference section */
		4F3790E42C4A7CD60000987C /* XCRemoteSwiftPackageReference "NVActivityIndicatorView" */ = {
			isa = XCRemoteSwiftPackageReference;
			repositoryURL = "https://github.com/ninjaprox/NVActivityIndicatorView";
			requirement = {
				kind = upToNextMajorVersion;
				minimumVersion = 5.2.0;
			};
		};
/* End XCRemoteSwiftPackageReference section */

/* Begin XCSwiftPackageProductDependency section */
		4F3790E52C4A7CD60000987C /* NVActivityIndicatorView */ = {
			isa = XCSwiftPackageProductDependency;
			package = 4F3790E42C4A7CD60000987C /* XCRemoteSwiftPackageReference "NVActivityIndicatorView" */;
			productName = NVActivityIndicatorView;
		};
/* End XCSwiftPackageProductDependency section */

/* Begin XCVersionGroup section */
		4F3790D02C4A7A940000987C /* Swap.xcdatamodeld */ = {
			isa = XCVersionGroup;
			children = (
				4F3790D12C4A7A940000987C /* Swap.xcdatamodel */,
			);
			currentVersion = 4F3790D12C4A7A940000987C /* Swap.xcdatamodel */;
			path = Swap.xcdatamodeld;
			sourceTree = "<group>";
			versionGroupType = wrapper.xcdatamodel;
		};
/* End XCVersionGroup section */
	};
	rootObject = 4F3790BC2C4A7A940000987C /* Project object */;
}
